// !$*UTF8*$!
{
	archiveVersion = 1;
	classes = {
	};
	objectVersion = 46;
	objects = {

/* Begin PBXBuildFile section */
		34CCB887B3207379DB00C8C5 /* Pods_Sourcery_Example.framework in Frameworks */ = {isa = PBXBuildFile; fileRef = 49752C023C6E494348990AB1 /* Pods_Sourcery_Example.framework */; };
		CDE744371DFDBEE4008F034F /* AppDelegate.swift in Sources */ = {isa = PBXBuildFile; fileRef = CDE744361DFDBEE4008F034F /* AppDelegate.swift */; };
		CDE744391DFDBEE4008F034F /* ViewController.swift in Sources */ = {isa = PBXBuildFile; fileRef = CDE744381DFDBEE4008F034F /* ViewController.swift */; };
		CDE7443C1DFDBEE4008F034F /* Main.storyboard in Resources */ = {isa = PBXBuildFile; fileRef = CDE7443A1DFDBEE4008F034F /* Main.storyboard */; };
		CDE7443E1DFDBEE4008F034F /* Assets.xcassets in Resources */ = {isa = PBXBuildFile; fileRef = CDE7443D1DFDBEE4008F034F /* Assets.xcassets */; };
		CDE744411DFDBEE4008F034F /* LaunchScreen.storyboard in Resources */ = {isa = PBXBuildFile; fileRef = CDE7443F1DFDBEE4008F034F /* LaunchScreen.storyboard */; };
		CDE7444D1DFDBF1E008F034F /* Basic.generated.swift in Sources */ = {isa = PBXBuildFile; fileRef = CDE7444A1DFDBF1E008F034F /* Basic.generated.swift */; };
/* End PBXBuildFile section */

/* Begin PBXFileReference section */
		1EFEACB54B4325DABA1DBB07 /* Pods-Sourcery-Example.debug.xcconfig */ = {isa = PBXFileReference; includeInIndex = 1; lastKnownFileType = text.xcconfig; name = "Pods-Sourcery-Example.debug.xcconfig"; path = "Pods/Target Support Files/Pods-Sourcery-Example/Pods-Sourcery-Example.debug.xcconfig"; sourceTree = "<group>"; };
		49752C023C6E494348990AB1 /* Pods_Sourcery_Example.framework */ = {isa = PBXFileReference; explicitFileType = wrapper.framework; includeInIndex = 0; path = Pods_Sourcery_Example.framework; sourceTree = BUILT_PRODUCTS_DIR; };
		CDE744331DFDBEE4008F034F /* Sourcery-Example.app */ = {isa = PBXFileReference; explicitFileType = wrapper.application; includeInIndex = 0; path = "Sourcery-Example.app"; sourceTree = BUILT_PRODUCTS_DIR; };
		CDE744361DFDBEE4008F034F /* AppDelegate.swift */ = {isa = PBXFileReference; lastKnownFileType = sourcecode.swift; path = AppDelegate.swift; sourceTree = "<group>"; };
		CDE744381DFDBEE4008F034F /* ViewController.swift */ = {isa = PBXFileReference; lastKnownFileType = sourcecode.swift; path = ViewController.swift; sourceTree = "<group>"; };
		CDE7443B1DFDBEE4008F034F /* Base */ = {isa = PBXFileReference; lastKnownFileType = file.storyboard; name = Base; path = Base.lproj/Main.storyboard; sourceTree = "<group>"; };
		CDE7443D1DFDBEE4008F034F /* Assets.xcassets */ = {isa = PBXFileReference; lastKnownFileType = folder.assetcatalog; path = Assets.xcassets; sourceTree = "<group>"; };
		CDE744401DFDBEE4008F034F /* Base */ = {isa = PBXFileReference; lastKnownFileType = file.storyboard; name = Base; path = Base.lproj/LaunchScreen.storyboard; sourceTree = "<group>"; };
		CDE744421DFDBEE4008F034F /* Info.plist */ = {isa = PBXFileReference; lastKnownFileType = text.plist.xml; path = Info.plist; sourceTree = "<group>"; };
		CDE7444A1DFDBF1E008F034F /* Basic.generated.swift */ = {isa = PBXFileReference; fileEncoding = 4; lastKnownFileType = sourcecode.swift; path = Basic.generated.swift; sourceTree = "<group>"; };
		CDE7444C1DFDBF1E008F034F /* Basic.stencil */ = {isa = PBXFileReference; fileEncoding = 4; lastKnownFileType = text; path = Basic.stencil; sourceTree = "<group>"; };
		E4A9E5091819FB951D4B3A46 /* Pods-Sourcery-Example.release.xcconfig */ = {isa = PBXFileReference; includeInIndex = 1; lastKnownFileType = text.xcconfig; name = "Pods-Sourcery-Example.release.xcconfig"; path = "Pods/Target Support Files/Pods-Sourcery-Example/Pods-Sourcery-Example.release.xcconfig"; sourceTree = "<group>"; };
/* End PBXFileReference section */

/* Begin PBXFrameworksBuildPhase section */
		CDE744301DFDBEE4008F034F /* Frameworks */ = {
			isa = PBXFrameworksBuildPhase;
			buildActionMask = 2147483647;
			files = (
				34CCB887B3207379DB00C8C5 /* Pods_Sourcery_Example.framework in Frameworks */,
			);
			runOnlyForDeploymentPostprocessing = 0;
		};
/* End PBXFrameworksBuildPhase section */

/* Begin PBXGroup section */
		A178E0EAA2A3D943868853A9 /* Frameworks */ = {
			isa = PBXGroup;
			children = (
				49752C023C6E494348990AB1 /* Pods_Sourcery_Example.framework */,
			);
			name = Frameworks;
			sourceTree = "<group>";
		};
		A8996A44841590FAAE2A4932 /* Pods */ = {
			isa = PBXGroup;
			children = (
				1EFEACB54B4325DABA1DBB07 /* Pods-Sourcery-Example.debug.xcconfig */,
				E4A9E5091819FB951D4B3A46 /* Pods-Sourcery-Example.release.xcconfig */,
			);
			name = Pods;
			sourceTree = "<group>";
		};
		CDE7442A1DFDBEE4008F034F = {
			isa = PBXGroup;
			children = (
				CDE744491DFDBF1E008F034F /* CodeGenerated */,
				CDE7444B1DFDBF1E008F034F /* Templates */,
				CDE744351DFDBEE4008F034F /* Sourcery-Example */,
				CDE744341DFDBEE4008F034F /* Products */,
				A8996A44841590FAAE2A4932 /* Pods */,
				A178E0EAA2A3D943868853A9 /* Frameworks */,
			);
			sourceTree = "<group>";
		};
		CDE744341DFDBEE4008F034F /* Products */ = {
			isa = PBXGroup;
			children = (
				CDE744331DFDBEE4008F034F /* Sourcery-Example.app */,
			);
			name = Products;
			sourceTree = "<group>";
		};
		CDE744351DFDBEE4008F034F /* Sourcery-Example */ = {
			isa = PBXGroup;
			children = (
				CDE744361DFDBEE4008F034F /* AppDelegate.swift */,
				CDE744381DFDBEE4008F034F /* ViewController.swift */,
				CDE7443A1DFDBEE4008F034F /* Main.storyboard */,
				CDE7443D1DFDBEE4008F034F /* Assets.xcassets */,
				CDE7443F1DFDBEE4008F034F /* LaunchScreen.storyboard */,
				CDE744421DFDBEE4008F034F /* Info.plist */,
			);
			path = "Sourcery-Example";
			sourceTree = "<group>";
		};
		CDE744491DFDBF1E008F034F /* CodeGenerated */ = {
			isa = PBXGroup;
			children = (
				CDE7444A1DFDBF1E008F034F /* Basic.generated.swift */,
			);
			path = CodeGenerated;
			sourceTree = "<group>";
		};
		CDE7444B1DFDBF1E008F034F /* Templates */ = {
			isa = PBXGroup;
			children = (
				CDE7444C1DFDBF1E008F034F /* Basic.stencil */,
			);
			path = Templates;
			sourceTree = "<group>";
		};
/* End PBXGroup section */

/* Begin PBXNativeTarget section */
		CDE744321DFDBEE4008F034F /* Sourcery-Example */ = {
			isa = PBXNativeTarget;
			buildConfigurationList = CDE744451DFDBEE4008F034F /* Build configuration list for PBXNativeTarget "Sourcery-Example" */;
			buildPhases = (
				CF5282FB5B7BED7A23689E75 /* [CP] Check Pods Manifest.lock */,
				CDE744481DFDBF02008F034F /* Sourcery */,
				CDE7442F1DFDBEE4008F034F /* Sources */,
				CDE744301DFDBEE4008F034F /* Frameworks */,
				CDE744311DFDBEE4008F034F /* Resources */,
				4EBFAE0E1A61E496337AD26D /* [CP] Embed Pods Frameworks */,
				DC0863A8265E3FBE00248C74 /* [CP] Copy Pods Resources */,
			);
			buildRules = (
			);
			dependencies = (
			);
			name = "Sourcery-Example";
			productName = "Sourcery-Example";
			productReference = CDE744331DFDBEE4008F034F /* Sourcery-Example.app */;
			productType = "com.apple.product-type.application";
		};
/* End PBXNativeTarget section */

/* Begin PBXProject section */
		CDE7442B1DFDBEE4008F034F /* Project object */ = {
			isa = PBXProject;
			attributes = {
				LastSwiftUpdateCheck = 0820;
				LastUpgradeCheck = 0820;
				ORGANIZATIONNAME = Pixle;
				TargetAttributes = {
					CDE744321DFDBEE4008F034F = {
						CreatedOnToolsVersion = 8.2;
						DevelopmentTeam = 9XH89LE46J;
						ProvisioningStyle = Automatic;
					};
				};
			};
			buildConfigurationList = CDE7442E1DFDBEE4008F034F /* Build configuration list for PBXProject "Sourcery-Example" */;
			compatibilityVersion = "Xcode 3.2";
			developmentRegion = English;
			hasScannedForEncodings = 0;
			knownRegions = (
				en,
				Base,
			);
			mainGroup = CDE7442A1DFDBEE4008F034F;
			productRefGroup = CDE744341DFDBEE4008F034F /* Products */;
			projectDirPath = "";
			projectRoot = "";
			targets = (
				CDE744321DFDBEE4008F034F /* Sourcery-Example */,
			);
		};
/* End PBXProject section */

/* Begin PBXResourcesBuildPhase section */
		CDE744311DFDBEE4008F034F /* Resources */ = {
			isa = PBXResourcesBuildPhase;
			buildActionMask = 2147483647;
			files = (
				CDE744411DFDBEE4008F034F /* LaunchScreen.storyboard in Resources */,
				CDE7443E1DFDBEE4008F034F /* Assets.xcassets in Resources */,
				CDE7443C1DFDBEE4008F034F /* Main.storyboard in Resources */,
			);
			runOnlyForDeploymentPostprocessing = 0;
		};
/* End PBXResourcesBuildPhase section */

/* Begin PBXShellScriptBuildPhase section */
		4EBFAE0E1A61E496337AD26D /* [CP] Embed Pods Frameworks */ = {
			isa = PBXShellScriptBuildPhase;
			buildActionMask = 2147483647;
			files = (
			);
			inputPaths = (
			);
			name = "[CP] Embed Pods Frameworks";
			outputPaths = (
			);
			runOnlyForDeploymentPostprocessing = 0;
			shellPath = /bin/sh;
			shellScript = "\"${SRCROOT}/Pods/Target Support Files/Pods-Sourcery-Example/Pods-Sourcery-Example-frameworks.sh\"\n";
			showEnvVarsInLog = 0;
		};
		CDE744481DFDBF02008F034F /* Sourcery */ = {
			isa = PBXShellScriptBuildPhase;
			buildActionMask = 2147483647;
			files = (
			);
			inputPaths = (
			);
			name = Sourcery;
			outputPaths = (
			);
			runOnlyForDeploymentPostprocessing = 0;
			shellPath = /bin/sh;
			shellScript = "\"${PODS_ROOT}/Sourcery/bin/sourcery\" --sources \"${SRCROOT}/Sourcery-Example\" --templates \"${SRCROOT}/Templates\" --output \"${SRCROOT}/CodeGenerated\"";
		};
		CF5282FB5B7BED7A23689E75 /* [CP] Check Pods Manifest.lock */ = {
			isa = PBXShellScriptBuildPhase;
			buildActionMask = 2147483647;
			files = (
			);
			inputPaths = (
			);
			name = "[CP] Check Pods Manifest.lock";
			outputPaths = (
			);
			runOnlyForDeploymentPostprocessing = 0;
			shellPath = /bin/sh;
			shellScript = "diff \"${PODS_ROOT}/../Podfile.lock\" \"${PODS_ROOT}/Manifest.lock\" > /dev/null\nif [ $? != 0 ] ; then\n    # print error to STDERR\n    echo \"error: The sandbox is not in sync with the Podfile.lock. Run 'pod install' or update your CocoaPods installation.\" >&2\n    exit 1\nfi\n";
			showEnvVarsInLog = 0;
		};
		DC0863A8265E3FBE00248C74 /* [CP] Copy Pods Resources */ = {
			isa = PBXShellScriptBuildPhase;
			buildActionMask = 2147483647;
			files = (
			);
			inputPaths = (
			);
			name = "[CP] Copy Pods Resources";
			outputPaths = (
			);
			runOnlyForDeploymentPostprocessing = 0;
			shellPath = /bin/sh;
			shellScript = "\"${SRCROOT}/Pods/Target Support Files/Pods-Sourcery-Example/Pods-Sourcery-Example-resources.sh\"\n";
			showEnvVarsInLog = 0;
		};
/* End PBXShellScriptBuildPhase section */

/* Begin PBXSourcesBuildPhase section */
		CDE7442F1DFDBEE4008F034F /* Sources */ = {
			isa = PBXSourcesBuildPhase;
			buildActionMask = 2147483647;
			files = (
				CDE744391DFDBEE4008F034F /* ViewController.swift in Sources */,
				CDE7444D1DFDBF1E008F034F /* Basic.generated.swift in Sources */,
				CDE744371DFDBEE4008F034F /* AppDelegate.swift in Sources */,
			);
			runOnlyForDeploymentPostprocessing = 0;
		};
/* End PBXSourcesBuildPhase section */

/* Begin PBXVariantGroup section */
		CDE7443A1DFDBEE4008F034F /* Main.storyboard */ = {
			isa = PBXVariantGroup;
			children = (
				CDE7443B1DFDBEE4008F034F /* Base */,
			);
			name = Main.storyboard;
			sourceTree = "<group>";
		};
		CDE7443F1DFDBEE4008F034F /* LaunchScreen.storyboard */ = {
			isa = PBXVariantGroup;
			children = (
				CDE744401DFDBEE4008F034F /* Base */,
			);
			name = LaunchScreen.storyboard;
			sourceTree = "<group>";
		};
/* End PBXVariantGroup section */

/* Begin XCBuildConfiguration section */
		CDE744431DFDBEE4008F034F /* Debug */ = {
			isa = XCBuildConfiguration;
			buildSettings = {
				ALWAYS_SEARCH_USER_PATHS = NO;
				CLANG_ANALYZER_NONNULL = YES;
				CLANG_CXX_LANGUAGE_STANDARD = "gnu++0x";
				CLANG_CXX_LIBRARY = "libc++";
				CLANG_ENABLE_MODULES = YES;
				CLANG_ENABLE_OBJC_ARC = YES;
				CLANG_WARN_BOOL_CONVERSION = YES;
				CLANG_WARN_CONSTANT_CONVERSION = YES;
				CLANG_WARN_DIRECT_OBJC_ISA_USAGE = YES_ERROR;
				CLANG_WARN_DOCUMENTATION_COMMENTS = YES;
				CLANG_WARN_EMPTY_BODY = YES;
				CLANG_WARN_ENUM_CONVERSION = YES;
				CLANG_WARN_INFINITE_RECURSION = YES;
				CLANG_WARN_INT_CONVERSION = YES;
				CLANG_WARN_OBJC_ROOT_CLASS = YES_ERROR;
				CLANG_WARN_SUSPICIOUS_MOVE = YES;
				CLANG_WARN_UNREACHABLE_CODE = YES;
				CLANG_WARN__DUPLICATE_METHOD_MATCH = YES;
				"CODE_SIGN_IDENTITY[sdk=iphoneos*]" = "iPhone Developer";
				COPY_PHASE_STRIP = NO;
				DEBUG_INFORMATION_FORMAT = dwarf;
				ENABLE_STRICT_OBJC_MSGSEND = YES;
				ENABLE_TESTABILITY = YES;
				GCC_C_LANGUAGE_STANDARD = gnu99;
				GCC_DYNAMIC_NO_PIC = NO;
				GCC_NO_COMMON_BLOCKS = YES;
				GCC_OPTIMIZATION_LEVEL = 0;
				GCC_PREPROCESSOR_DEFINITIONS = (
					"DEBUG=1",
					"$(inherited)",
				);
				GCC_WARN_64_TO_32_BIT_CONVERSION = YES;
				GCC_WARN_ABOUT_RETURN_TYPE = YES_ERROR;
				GCC_WARN_UNDECLARED_SELECTOR = YES;
				GCC_WARN_UNINITIALIZED_AUTOS = YES_AGGRESSIVE;
				GCC_WARN_UNUSED_FUNCTION = YES;
				GCC_WARN_UNUSED_VARIABLE = YES;
				IPHONEOS_DEPLOYMENT_TARGET = 10.2;
				MTL_ENABLE_DEBUG_INFO = YES;
				ONLY_ACTIVE_ARCH = YES;
				SDKROOT = iphoneos;
				SWIFT_ACTIVE_COMPILATION_CONDITIONS = DEBUG;
				SWIFT_OPTIMIZATION_LEVEL = "-Onone";
			};
			name = Debug;
		};
		CDE744441DFDBEE4008F034F /* Release */ = {
			isa = XCBuildConfiguration;
			buildSettings = {
				ALWAYS_SEARCH_USER_PATHS = NO;
				CLANG_ANALYZER_NONNULL = YES;
				CLANG_CXX_LANGUAGE_STANDARD = "gnu++0x";
				CLANG_CXX_LIBRARY = "libc++";
				CLANG_ENABLE_MODULES = YES;
				CLANG_ENABLE_OBJC_ARC = YES;
				CLANG_WARN_BOOL_CONVERSION = YES;
				CLANG_WARN_CONSTANT_CONVERSION = YES;
				CLANG_WARN_DIRECT_OBJC_ISA_USAGE = YES_ERROR;
				CLANG_WARN_DOCUMENTATION_COMMENTS = YES;
				CLANG_WARN_EMPTY_BODY = YES;
				CLANG_WARN_ENUM_CONVERSION = YES;
				CLANG_WARN_INFINITE_RECURSION = YES;
				CLANG_WARN_INT_CONVERSION = YES;
				CLANG_WARN_OBJC_ROOT_CLASS = YES_ERROR;
				CLANG_WARN_SUSPICIOUS_MOVE = YES;
				CLANG_WARN_UNREACHABLE_CODE = YES;
				CLANG_WARN__DUPLICATE_METHOD_MATCH = YES;
				"CODE_SIGN_IDENTITY[sdk=iphoneos*]" = "iPhone Developer";
				COPY_PHASE_STRIP = NO;
				DEBUG_INFORMATION_FORMAT = "dwarf-with-dsym";
				ENABLE_NS_ASSERTIONS = NO;
				ENABLE_STRICT_OBJC_MSGSEND = YES;
				GCC_C_LANGUAGE_STANDARD = gnu99;
				GCC_NO_COMMON_BLOCKS = YES;
				GCC_WARN_64_TO_32_BIT_CONVERSION = YES;
				GCC_WARN_ABOUT_RETURN_TYPE = YES_ERROR;
				GCC_WARN_UNDECLARED_SELECTOR = YES;
				GCC_WARN_UNINITIALIZED_AUTOS = YES_AGGRESSIVE;
				GCC_WARN_UNUSED_FUNCTION = YES;
				GCC_WARN_UNUSED_VARIABLE = YES;
				IPHONEOS_DEPLOYMENT_TARGET = 10.2;
				MTL_ENABLE_DEBUG_INFO = NO;
				SDKROOT = iphoneos;
				SWIFT_OPTIMIZATION_LEVEL = "-Owholemodule";
				VALIDATE_PRODUCT = YES;
			};
			name = Release;
		};
		CDE744461DFDBEE4008F034F /* Debug */ = {
			isa = XCBuildConfiguration;
			baseConfigurationReference = 1EFEACB54B4325DABA1DBB07 /* Pods-Sourcery-Example.debug.xcconfig */;
			buildSettings = {
				ASSETCATALOG_COMPILER_APPICON_NAME = AppIcon;
				DEVELOPMENT_TEAM = 9XH89LE46J;
				INFOPLIST_FILE = "Sourcery-Example/Info.plist";
				LD_RUNPATH_SEARCH_PATHS = "$(inherited) @executable_path/Frameworks";
				PRODUCT_BUNDLE_IDENTIFIER = "Pixle.Sourcery-Example";
				PRODUCT_NAME = "$(TARGET_NAME)";
				SWIFT_VERSION = 3.0;
			};
			name = Debug;
		};
		CDE744471DFDBEE4008F034F /* Release */ = {
			isa = XCBuildConfiguration;
			baseConfigurationReference = E4A9E5091819FB951D4B3A46 /* Pods-Sourcery-Example.release.xcconfig */;
			buildSettings = {
				ASSETCATALOG_COMPILER_APPICON_NAME = AppIcon;
				DEVELOPMENT_TEAM = 9XH89LE46J;
				INFOPLIST_FILE = "Sourcery-Example/Info.plist";
				LD_RUNPATH_SEARCH_PATHS = "$(inherited) @executable_path/Frameworks";
				PRODUCT_BUNDLE_IDENTIFIER = "Pixle.Sourcery-Example";
				PRODUCT_NAME = "$(TARGET_NAME)";
				SWIFT_VERSION = 3.0;
			};
			name = Release;
		};
/* End XCBuildConfiguration section */

/* Begin XCConfigurationList section */
		CDE7442E1DFDBEE4008F034F /* Build configuration list for PBXProject "Sourcery-Example" */ = {
			isa = XCConfigurationList;
			buildConfigurations = (
				CDE744431DFDBEE4008F034F /* Debug */,
				CDE744441DFDBEE4008F034F /* Release */,
			);
			defaultConfigurationIsVisible = 0;
			defaultConfigurationName = Release;
		};
		CDE744451DFDBEE4008F034F /* Build configuration list for PBXNativeTarget "Sourcery-Example" */ = {
			isa = XCConfigurationList;
			buildConfigurations = (
				CDE744461DFDBEE4008F034F /* Debug */,
				CDE744471DFDBEE4008F034F /* Release */,
			);
			defaultConfigurationIsVisible = 0;
			defaultConfigurationName = Release;
		};
/* End XCConfigurationList section */
	};
	rootObject = CDE7442B1DFDBEE4008F034F /* Project object */;
}
