// !$*UTF8*$!
{
	archiveVersion = 1;
	classes = {
	};
	objectVersion = 46;
	objects = {

/* Begin PBXBuildFile section */
		0911DAF01E1D90D1001FF3EB /* Extensions.swift in Sources */ = {isa = PBXBuildFile; fileRef = 0911DAEF1E1D90D1001FF3EB /* Extensions.swift */; };
		0911DAF21E212817001FF3EB /* Annotations.swift in Sources */ = {isa = PBXBuildFile; fileRef = 0911DAF11E212817001FF3EB /* Annotations.swift */; };
		09346DC81E02195300D6358C /* StructSpec.swift in Sources */ = {isa = PBXBuildFile; fileRef = 09346DC71E02195300D6358C /* StructSpec.swift */; };
		0967DA611E0341400084F702 /* ProtocolSpec.swift in Sources */ = {isa = PBXBuildFile; fileRef = 0967DA601E0341400084F702 /* ProtocolSpec.swift */; };
		0967DA681E0488170084F702 /* Method.swift in Sources */ = {isa = PBXBuildFile; fileRef = 0967DA671E0488170084F702 /* Method.swift */; };
		097E11EE1E05E76900FEB751 /* Typealias.swift in Sources */ = {isa = PBXBuildFile; fileRef = 097E11ED1E05E76900FEB751 /* Typealias.swift */; };
		097E11F01E05E78600FEB751 /* TypealiasSpec.swift in Sources */ = {isa = PBXBuildFile; fileRef = 097E11EF1E05E78600FEB751 /* TypealiasSpec.swift */; };
		097E11F71E0EF63100FEB751 /* MethodSpec.swift in Sources */ = {isa = PBXBuildFile; fileRef = 097E11F61E0EF63100FEB751 /* MethodSpec.swift */; };
		0984426F1E21B6D90051E1A1 /* TypedSpec.generated.swift in Sources */ = {isa = PBXBuildFile; fileRef = 09B1DD3A1E219EA3009228EE /* TypedSpec.generated.swift */; };
		098442731E21BF850051E1A1 /* FileParser + AttributesSpec.swift in Sources */ = {isa = PBXBuildFile; fileRef = 098442721E21BF850051E1A1 /* FileParser + AttributesSpec.swift */; };
		098442751E2241F20051E1A1 /* Attribute.swift in Sources */ = {isa = PBXBuildFile; fileRef = 098442741E2241F10051E1A1 /* Attribute.swift */; };
		09B1DD321E2147C4009228EE /* TypeNameSpec.swift in Sources */ = {isa = PBXBuildFile; fileRef = 0911DAF31E2141B7001FF3EB /* TypeNameSpec.swift */; };
		09B1DD3E1E21ADD2009228EE /* VariableSpec.swift in Sources */ = {isa = PBXBuildFile; fileRef = E291D8D53A557DA9E6D27C3C /* VariableSpec.swift */; };
		09B1DD3F1E21ADD8009228EE /* GeneratorSpec.swift in Sources */ = {isa = PBXBuildFile; fileRef = E291DF28602426F7A4C8D737 /* GeneratorSpec.swift */; };
		09C6B0D21E11BA2500246CDF /* Class.swift in Sources */ = {isa = PBXBuildFile; fileRef = 09C6B0D11E11BA2500246CDF /* Class.swift */; };
		09C6B0D41E11C1C500246CDF /* ClassSpec.swift in Sources */ = {isa = PBXBuildFile; fileRef = 09C6B0D31E11C1C500246CDF /* ClassSpec.swift */; };
		58A8D89B0B5015671E6B526C /* Pods_SourceryTests.framework in Frameworks */ = {isa = PBXBuildFile; fileRef = 6F74DA40979C0911C0573C7A /* Pods_SourceryTests.framework */; };
		985E4D303A731C40BE326E5C /* Pods_Sourcery.framework in Frameworks */ = {isa = PBXBuildFile; fileRef = D7C9B21117B6C7EB409B9D49 /* Pods_Sourcery.framework */; };
		C836FCFE1E22A921006066F5 /* Annotations.swift in SwiftTemplates */ = {isa = PBXBuildFile; fileRef = 0911DAF11E212817001FF3EB /* Annotations.swift */; };
		C894A1A61E1930990098327C /* Coding.generated.swift in Sources */ = {isa = PBXBuildFile; fileRef = C894A1A51E1930990098327C /* Coding.generated.swift */; };
		C894A1AD1E1931500098327C /* GenerationContext.swift in Sources */ = {isa = PBXBuildFile; fileRef = C894A1AC1E1931500098327C /* GenerationContext.swift */; };
		C894A1B01E19326C0098327C /* SwiftTemplate.swift in Sources */ = {isa = PBXBuildFile; fileRef = C894A1AE1E19326C0098327C /* SwiftTemplate.swift */; };
		C894A1B11E19326C0098327C /* SwiftTemplate+Runtime.swift in Sources */ = {isa = PBXBuildFile; fileRef = C894A1AF1E19326C0098327C /* SwiftTemplate+Runtime.swift */; };
		C894A1B31E19328E0098327C /* SwiftTemplates in Resources */ = {isa = PBXBuildFile; fileRef = C894A1B21E19328E0098327C /* SwiftTemplates */; };
		C894A1B51E1932E90098327C /* SwiftTemplateSpecs.swift in Sources */ = {isa = PBXBuildFile; fileRef = C894A1B41E1932E90098327C /* SwiftTemplateSpecs.swift */; };
		C894A1B91E1989D30098327C /* AccessLevel.swift in SwiftTemplates */ = {isa = PBXBuildFile; fileRef = CD812F541DFDCC1A0088B2F6 /* AccessLevel.swift */; };
		C894A1BA1E1989D30098327C /* Enum.swift in SwiftTemplates */ = {isa = PBXBuildFile; fileRef = CD812F551DFDCC1A0088B2F6 /* Enum.swift */; };
		C894A1BB1E1989D30098327C /* Protocol.swift in SwiftTemplates */ = {isa = PBXBuildFile; fileRef = CD812F561DFDCC1A0088B2F6 /* Protocol.swift */; };
		C894A1BC1E1989D30098327C /* Struct.swift in SwiftTemplates */ = {isa = PBXBuildFile; fileRef = CD812F571DFDCC1A0088B2F6 /* Struct.swift */; };
		C894A1BD1E1989D30098327C /* Class.swift in SwiftTemplates */ = {isa = PBXBuildFile; fileRef = 09C6B0D11E11BA2500246CDF /* Class.swift */; };
		C894A1BE1E1989D30098327C /* Type.swift in SwiftTemplates */ = {isa = PBXBuildFile; fileRef = CD812F581DFDCC1A0088B2F6 /* Type.swift */; };
		C894A1BF1E1989D30098327C /* Typealias.swift in SwiftTemplates */ = {isa = PBXBuildFile; fileRef = 097E11ED1E05E76900FEB751 /* Typealias.swift */; };
		C894A1C01E1989D30098327C /* Variable.swift in SwiftTemplates */ = {isa = PBXBuildFile; fileRef = CD812F591DFDCC1A0088B2F6 /* Variable.swift */; };
		C894A1C11E1989D30098327C /* Diffable.swift in SwiftTemplates */ = {isa = PBXBuildFile; fileRef = CD666A991E0BEF4F0045D31A /* Diffable.swift */; };
		C894A1C21E1989D30098327C /* Method.swift in SwiftTemplates */ = {isa = PBXBuildFile; fileRef = 0967DA671E0488170084F702 /* Method.swift */; };
		C894A1C31E1989D30098327C /* TypeName.swift in SwiftTemplates */ = {isa = PBXBuildFile; fileRef = E291D86E6DD88E4A47D9BBD6 /* TypeName.swift */; };
		C894A1C41E1989DA0098327C /* SwiftTemplate+Runtime.swift in SwiftTemplates */ = {isa = PBXBuildFile; fileRef = C894A1AF1E19326C0098327C /* SwiftTemplate+Runtime.swift */; };
		C894A1C51E1989DA0098327C /* GenerationContext.swift in SwiftTemplates */ = {isa = PBXBuildFile; fileRef = C894A1AC1E1931500098327C /* GenerationContext.swift */; };
		C894A1C71E198DE70098327C /* Coding.generated.swift in SwiftTemplates */ = {isa = PBXBuildFile; fileRef = C894A1A51E1930990098327C /* Coding.generated.swift */; };
		C8E88CAB1E204E4900102D17 /* Description.generated.swift in SwiftTemplates */ = {isa = PBXBuildFile; fileRef = CD812F661DFDD3990088B2F6 /* Description.generated.swift */; };
		C8E88CAC1E204E5000102D17 /* Diffable.generated.swift in SwiftTemplates */ = {isa = PBXBuildFile; fileRef = CD666A9B1E0BF0A10045D31A /* Diffable.generated.swift */; };
		C8E88CAD1E204E8400102D17 /* Typed.generated.swift in SwiftTemplates */ = {isa = PBXBuildFile; fileRef = CDF68B751E1C143D007C5396 /* Typed.generated.swift */; };
		C8E88CAE1E204ED500102D17 /* Extensions.swift in SwiftTemplates */ = {isa = PBXBuildFile; fileRef = 0911DAEF1E1D90D1001FF3EB /* Extensions.swift */; };
		C8E88CB01E20579100102D17 /* Path+Extensions.swift in Sources */ = {isa = PBXBuildFile; fileRef = C8E88CAF1E20579100102D17 /* Path+Extensions.swift */; };
		CD475D6F1DE9B98B009AD8B0 /* Result in Resources */ = {isa = PBXBuildFile; fileRef = CD475D6E1DE9B98B009AD8B0 /* Result */; };
		CD53EE661D897C1F00F5886C /* Source in Resources */ = {isa = PBXBuildFile; fileRef = CD53EE651D897C1F00F5886C /* Source */; };
		CD53EE681D897D2900F5886C /* Templates in Resources */ = {isa = PBXBuildFile; fileRef = CD53EE671D897D2900F5886C /* Templates */; };
		CD666A9A1E0BEF4F0045D31A /* Diffable.swift in Sources */ = {isa = PBXBuildFile; fileRef = CD666A991E0BEF4F0045D31A /* Diffable.swift */; };
		CD666A9C1E0BF0A10045D31A /* Diffable.generated.swift in Sources */ = {isa = PBXBuildFile; fileRef = CD666A9B1E0BF0A10045D31A /* Diffable.generated.swift */; };
		CD812F5A1DFDCC1A0088B2F6 /* AccessLevel.swift in Sources */ = {isa = PBXBuildFile; fileRef = CD812F541DFDCC1A0088B2F6 /* AccessLevel.swift */; };
		CD812F5B1DFDCC1A0088B2F6 /* Enum.swift in Sources */ = {isa = PBXBuildFile; fileRef = CD812F551DFDCC1A0088B2F6 /* Enum.swift */; };
		CD812F5C1DFDCC1A0088B2F6 /* Protocol.swift in Sources */ = {isa = PBXBuildFile; fileRef = CD812F561DFDCC1A0088B2F6 /* Protocol.swift */; };
		CD812F5D1DFDCC1A0088B2F6 /* Struct.swift in Sources */ = {isa = PBXBuildFile; fileRef = CD812F571DFDCC1A0088B2F6 /* Struct.swift */; };
		CD812F5E1DFDCC1A0088B2F6 /* Type.swift in Sources */ = {isa = PBXBuildFile; fileRef = CD812F581DFDCC1A0088B2F6 /* Type.swift */; };
		CD812F5F1DFDCC1A0088B2F6 /* Variable.swift in Sources */ = {isa = PBXBuildFile; fileRef = CD812F591DFDCC1A0088B2F6 /* Variable.swift */; };
		CD812F621DFDCDA10088B2F6 /* Equality.generated.swift in Sources */ = {isa = PBXBuildFile; fileRef = CD812F611DFDCDA10088B2F6 /* Equality.generated.swift */; };
		CD812F671DFDD3990088B2F6 /* Description.generated.swift in Sources */ = {isa = PBXBuildFile; fileRef = CD812F661DFDD3990088B2F6 /* Description.generated.swift */; };
		CD9C459D1DFAF76D00161C2C /* main.swift in Sources */ = {isa = PBXBuildFile; fileRef = CD9C459C1DFAF76D00161C2C /* main.swift */; };
		CDBEC15C1E242B9E0090E881 /* StencilTemplate.swift in Sources */ = {isa = PBXBuildFile; fileRef = CDBEC15B1E242B9E0090E881 /* StencilTemplate.swift */; };
		CDBEC15D1E242C710090E881 /* Attribute.swift in SwiftTemplates */ = {isa = PBXBuildFile; fileRef = 098442741E2241F10051E1A1 /* Attribute.swift */; };
		CDE812ED1E1127FF00F1FF97 /* Sourcery+PerformanceSpec.swift in Sources */ = {isa = PBXBuildFile; fileRef = CDE812EC1E1127FF00F1FF97 /* Sourcery+PerformanceSpec.swift */; };
		CDE812EF1E112CC700F1FF97 /* Performance-Code in Resources */ = {isa = PBXBuildFile; fileRef = CDE812EE1E112CC700F1FF97 /* Performance-Code */; };
		CDF68B761E1C143D007C5396 /* Typed.generated.swift in Sources */ = {isa = PBXBuildFile; fileRef = CDF68B751E1C143D007C5396 /* Typed.generated.swift */; };
		E291D00F3B27A346A9ACCDA4 /* Extensions.swift in Sources */ = {isa = PBXBuildFile; fileRef = E291D5CD7EEDC70CB423C0BE /* Extensions.swift */; };
		E291D1C26BD65C6E109966AF /* CustomMatchers.swift in Sources */ = {isa = PBXBuildFile; fileRef = E291D139206162204C48F396 /* CustomMatchers.swift */; };
		E291D33EA3BB6FC777B3950E /* FolderWatcher.swift in Sources */ = {isa = PBXBuildFile; fileRef = E291DBAA16ABFED8C04CB42A /* FolderWatcher.swift */; };
		E291D48FD07450FD0A09D92E /* EnumSpec.swift in Sources */ = {isa = PBXBuildFile; fileRef = E291D3D222F05C42C246CB73 /* EnumSpec.swift */; };
		E291D4D8E67E26F4567EB5DE /* Composer.swift in Sources */ = {isa = PBXBuildFile; fileRef = E291D3DB89E4D87FE8CB1A33 /* Composer.swift */; };
		E291D4E250805568DBC33F7E /* TypeSpec.swift in Sources */ = {isa = PBXBuildFile; fileRef = E291DF48D4FBBB43C1F7EF8A /* TypeSpec.swift */; };
		E291D5ABECEE3435131D8D05 /* FileParser.swift in Sources */ = {isa = PBXBuildFile; fileRef = E291DBBBE7AF85DF7D7AF97D /* FileParser.swift */; };
		E291D7114BA1479EC337A070 /* FileParserSpec.swift in Sources */ = {isa = PBXBuildFile; fileRef = E291DD46F8BC3AA0E7E5FB4D /* FileParserSpec.swift */; };
		E291D8BB621560C275813B1F /* SourcerySpec.swift in Sources */ = {isa = PBXBuildFile; fileRef = E291DB1241856B9CFAAA25E7 /* SourcerySpec.swift */; };
		E291D8C0F0FE5B3DF91025CC /* Generator.swift in Sources */ = {isa = PBXBuildFile; fileRef = E291DA16190CED2907BDEA06 /* Generator.swift */; };
		E291D8DB06EC63770326562B /* Type+Stencil.swift in Sources */ = {isa = PBXBuildFile; fileRef = E291D04C9425FA502B37895D /* Type+Stencil.swift */; };
		E291D90EC943AC5CBA99899A /* ComposerSpec.swift in Sources */ = {isa = PBXBuildFile; fileRef = E291DFE1A3D6905537EE86D9 /* ComposerSpec.swift */; };
		E291DA3352C0EDD1EB8DDCB3 /* FileParser+VariableSpec.swift in Sources */ = {isa = PBXBuildFile; fileRef = E291D37EF6AA39833209828F /* FileParser+VariableSpec.swift */; };
		E291DBF5DD36D79E01E41270 /* TypeReflectionBox.swift in Sources */ = {isa = PBXBuildFile; fileRef = E291DBEB509979F90A2BDF94 /* TypeReflectionBox.swift */; };
		E291DC5F2343BF3DE3334986 /* Stubs.swift in Sources */ = {isa = PBXBuildFile; fileRef = E291D2450093BB4B3A9ADFEC /* Stubs.swift */; };
		E291DCA363FD8EBF0455C712 /* Sourcery.swift in Sources */ = {isa = PBXBuildFile; fileRef = E291DB6A95BAECDB6E978A76 /* Sourcery.swift */; };
		E291DCD43D41B7F8D7AAF7B9 /* DiffableSpec.swift in Sources */ = {isa = PBXBuildFile; fileRef = E291D30C065089B348EE7C42 /* DiffableSpec.swift */; };
		E291DD2ED0B47ECB174FEAAD /* Substring.swift in Sources */ = {isa = PBXBuildFile; fileRef = E291D099BB0A5B35011F59C7 /* Substring.swift */; };
		E291DDBDE2CF209C856B90D7 /* TypeName.swift in Sources */ = {isa = PBXBuildFile; fileRef = E291D86E6DD88E4A47D9BBD6 /* TypeName.swift */; };
		E291DDC342DD8A3BFD4D55B8 /* Template.swift in Sources */ = {isa = PBXBuildFile; fileRef = E291DC7064748459115A1660 /* Template.swift */; };
		E291DE1CB3B72BAA22DEDEDA /* StencilTemplateSpec.swift in Sources */ = {isa = PBXBuildFile; fileRef = E291D0D4A5AF091CD15550FD /* StencilTemplateSpec.swift */; };
		E291DF1320ACA969F7A8CBAE /* AnnotationsParser.swift in Sources */ = {isa = PBXBuildFile; fileRef = E291DCDA23F3C1A44331A245 /* AnnotationsParser.swift */; };
		E291DF22F03C87C646576942 /* AnnotationsParserSpec.swift in Sources */ = {isa = PBXBuildFile; fileRef = E291DCF0A8E779EC67C9A37E /* AnnotationsParserSpec.swift */; };
/* End PBXBuildFile section */

/* Begin PBXContainerItemProxy section */
		CD754C9B1D853F000082B512 /* PBXContainerItemProxy */ = {
			isa = PBXContainerItemProxy;
			containerPortal = CD754C831D853F000082B512 /* Project object */;
			proxyType = 1;
			remoteGlobalIDString = CD754C8A1D853F000082B512;
			remoteInfo = Sourcery;
		};
/* End PBXContainerItemProxy section */

/* Begin PBXCopyFilesBuildPhase section */
		C894A1B81E1989C00098327C /* SwiftTemplates */ = {
			isa = PBXCopyFilesBuildPhase;
			buildActionMask = 2147483647;
			dstPath = SwiftTemplateRuntime;
			dstSubfolderSpec = 7;
			files = (
				CDBEC15D1E242C710090E881 /* Attribute.swift in SwiftTemplates */,
				C894A1C71E198DE70098327C /* Coding.generated.swift in SwiftTemplates */,
				C8E88CAB1E204E4900102D17 /* Description.generated.swift in SwiftTemplates */,
				C894A1C41E1989DA0098327C /* SwiftTemplate+Runtime.swift in SwiftTemplates */,
				C894A1C51E1989DA0098327C /* GenerationContext.swift in SwiftTemplates */,
				C894A1B91E1989D30098327C /* AccessLevel.swift in SwiftTemplates */,
				C894A1BA1E1989D30098327C /* Enum.swift in SwiftTemplates */,
				C8E88CAD1E204E8400102D17 /* Typed.generated.swift in SwiftTemplates */,
				C894A1BB1E1989D30098327C /* Protocol.swift in SwiftTemplates */,
				C894A1BC1E1989D30098327C /* Struct.swift in SwiftTemplates */,
				C894A1BD1E1989D30098327C /* Class.swift in SwiftTemplates */,
				C8E88CAC1E204E5000102D17 /* Diffable.generated.swift in SwiftTemplates */,
				C894A1BE1E1989D30098327C /* Type.swift in SwiftTemplates */,
				C894A1BF1E1989D30098327C /* Typealias.swift in SwiftTemplates */,
				C894A1C01E1989D30098327C /* Variable.swift in SwiftTemplates */,
				C836FCFE1E22A921006066F5 /* Annotations.swift in SwiftTemplates */,
				C894A1C11E1989D30098327C /* Diffable.swift in SwiftTemplates */,
				C894A1C21E1989D30098327C /* Method.swift in SwiftTemplates */,
				C894A1C31E1989D30098327C /* TypeName.swift in SwiftTemplates */,
				C8E88CAE1E204ED500102D17 /* Extensions.swift in SwiftTemplates */,
			);
			name = SwiftTemplates;
			runOnlyForDeploymentPostprocessing = 0;
		};
		CD754CB41D85431F0082B512 /* Embed Frameworks */ = {
			isa = PBXCopyFilesBuildPhase;
			buildActionMask = 2147483647;
			dstPath = "";
			dstSubfolderSpec = 10;
			files = (
			);
			name = "Embed Frameworks";
			runOnlyForDeploymentPostprocessing = 0;
		};
/* End PBXCopyFilesBuildPhase section */

/* Begin PBXFileReference section */
		0911DAEF1E1D90D1001FF3EB /* Extensions.swift */ = {isa = PBXFileReference; fileEncoding = 4; lastKnownFileType = sourcecode.swift; path = Extensions.swift; sourceTree = "<group>"; };
		0911DAF11E212817001FF3EB /* Annotations.swift */ = {isa = PBXFileReference; fileEncoding = 4; lastKnownFileType = sourcecode.swift; path = Annotations.swift; sourceTree = "<group>"; };
		0911DAF31E2141B7001FF3EB /* TypeNameSpec.swift */ = {isa = PBXFileReference; fileEncoding = 4; lastKnownFileType = sourcecode.swift; path = TypeNameSpec.swift; sourceTree = "<group>"; };
		09346DC71E02195300D6358C /* StructSpec.swift */ = {isa = PBXFileReference; fileEncoding = 4; lastKnownFileType = sourcecode.swift; path = StructSpec.swift; sourceTree = "<group>"; };
		0967DA601E0341400084F702 /* ProtocolSpec.swift */ = {isa = PBXFileReference; fileEncoding = 4; lastKnownFileType = sourcecode.swift; path = ProtocolSpec.swift; sourceTree = "<group>"; };
		0967DA671E0488170084F702 /* Method.swift */ = {isa = PBXFileReference; fileEncoding = 4; lastKnownFileType = sourcecode.swift; path = Method.swift; sourceTree = "<group>"; };
		097E11ED1E05E76900FEB751 /* Typealias.swift */ = {isa = PBXFileReference; fileEncoding = 4; lastKnownFileType = sourcecode.swift; path = Typealias.swift; sourceTree = "<group>"; };
		097E11EF1E05E78600FEB751 /* TypealiasSpec.swift */ = {isa = PBXFileReference; fileEncoding = 4; lastKnownFileType = sourcecode.swift; path = TypealiasSpec.swift; sourceTree = "<group>"; };
		097E11F61E0EF63100FEB751 /* MethodSpec.swift */ = {isa = PBXFileReference; fileEncoding = 4; lastKnownFileType = sourcecode.swift; path = MethodSpec.swift; sourceTree = "<group>"; };
		097E11F81E0F01BD00FEB751 /* Diffable.stencil */ = {isa = PBXFileReference; fileEncoding = 4; lastKnownFileType = text; path = Diffable.stencil; sourceTree = "<group>"; };
		098442721E21BF850051E1A1 /* FileParser + AttributesSpec.swift */ = {isa = PBXFileReference; fileEncoding = 4; lastKnownFileType = sourcecode.swift; path = "FileParser + AttributesSpec.swift"; sourceTree = "<group>"; };
		098442741E2241F10051E1A1 /* Attribute.swift */ = {isa = PBXFileReference; fileEncoding = 4; lastKnownFileType = sourcecode.swift; path = Attribute.swift; sourceTree = "<group>"; };
		09B1DD381E219D95009228EE /* TypedSpec.stencil */ = {isa = PBXFileReference; fileEncoding = 4; lastKnownFileType = text; path = TypedSpec.stencil; sourceTree = "<group>"; };
		09B1DD3A1E219EA3009228EE /* TypedSpec.generated.swift */ = {isa = PBXFileReference; fileEncoding = 4; lastKnownFileType = sourcecode.swift; path = TypedSpec.generated.swift; sourceTree = "<group>"; };
		09C6B0D11E11BA2500246CDF /* Class.swift */ = {isa = PBXFileReference; fileEncoding = 4; lastKnownFileType = sourcecode.swift; path = Class.swift; sourceTree = "<group>"; };
		09C6B0D31E11C1C500246CDF /* ClassSpec.swift */ = {isa = PBXFileReference; fileEncoding = 4; lastKnownFileType = sourcecode.swift; path = ClassSpec.swift; sourceTree = "<group>"; };
		3825CA349BD2B2AAB9605E7F /* Pods-Sourcery.debug.xcconfig */ = {isa = PBXFileReference; includeInIndex = 1; lastKnownFileType = text.xcconfig; name = "Pods-Sourcery.debug.xcconfig"; path = "Pods/Target Support Files/Pods-Sourcery/Pods-Sourcery.debug.xcconfig"; sourceTree = "<group>"; };
		47FBEB8D5AB4DA51522B302B /* Pods-Sourcery.release.xcconfig */ = {isa = PBXFileReference; includeInIndex = 1; lastKnownFileType = text.xcconfig; name = "Pods-Sourcery.release.xcconfig"; path = "Pods/Target Support Files/Pods-Sourcery/Pods-Sourcery.release.xcconfig"; sourceTree = "<group>"; };
		4E26A60E38FEA181642B97B4 /* Pods-SourceryTests.release.xcconfig */ = {isa = PBXFileReference; includeInIndex = 1; lastKnownFileType = text.xcconfig; name = "Pods-SourceryTests.release.xcconfig"; path = "Pods/Target Support Files/Pods-SourceryTests/Pods-SourceryTests.release.xcconfig"; sourceTree = "<group>"; };
		67BC066E18D9BE38229EEFA2 /* Pods-SourceryTests.debug.xcconfig */ = {isa = PBXFileReference; includeInIndex = 1; lastKnownFileType = text.xcconfig; name = "Pods-SourceryTests.debug.xcconfig"; path = "Pods/Target Support Files/Pods-SourceryTests/Pods-SourceryTests.debug.xcconfig"; sourceTree = "<group>"; };
		6F74DA40979C0911C0573C7A /* Pods_SourceryTests.framework */ = {isa = PBXFileReference; explicitFileType = wrapper.framework; includeInIndex = 0; path = Pods_SourceryTests.framework; sourceTree = BUILT_PRODUCTS_DIR; };
		C894A1A51E1930990098327C /* Coding.generated.swift */ = {isa = PBXFileReference; fileEncoding = 4; lastKnownFileType = sourcecode.swift; path = Coding.generated.swift; sourceTree = "<group>"; };
		C894A1AC1E1931500098327C /* GenerationContext.swift */ = {isa = PBXFileReference; fileEncoding = 4; lastKnownFileType = sourcecode.swift; path = GenerationContext.swift; sourceTree = "<group>"; };
		C894A1AE1E19326C0098327C /* SwiftTemplate.swift */ = {isa = PBXFileReference; fileEncoding = 4; lastKnownFileType = sourcecode.swift; path = SwiftTemplate.swift; sourceTree = "<group>"; };
		C894A1AF1E19326C0098327C /* SwiftTemplate+Runtime.swift */ = {isa = PBXFileReference; fileEncoding = 4; lastKnownFileType = sourcecode.swift; path = "SwiftTemplate+Runtime.swift"; sourceTree = "<group>"; };
		C894A1B21E19328E0098327C /* SwiftTemplates */ = {isa = PBXFileReference; lastKnownFileType = folder; path = SwiftTemplates; sourceTree = "<group>"; };
		C894A1B41E1932E90098327C /* SwiftTemplateSpecs.swift */ = {isa = PBXFileReference; fileEncoding = 4; lastKnownFileType = sourcecode.swift; path = SwiftTemplateSpecs.swift; sourceTree = "<group>"; };
		C894A1B61E19381A0098327C /* Coding.stencil */ = {isa = PBXFileReference; fileEncoding = 4; lastKnownFileType = text; path = Coding.stencil; sourceTree = "<group>"; };
		C8E88CAF1E20579100102D17 /* Path+Extensions.swift */ = {isa = PBXFileReference; fileEncoding = 4; lastKnownFileType = sourcecode.swift; path = "Path+Extensions.swift"; sourceTree = "<group>"; };
		CD475D6E1DE9B98B009AD8B0 /* Result */ = {isa = PBXFileReference; lastKnownFileType = folder; path = Result; sourceTree = "<group>"; };
		CD53EE651D897C1F00F5886C /* Source */ = {isa = PBXFileReference; lastKnownFileType = folder; path = Source; sourceTree = "<group>"; };
		CD53EE671D897D2900F5886C /* Templates */ = {isa = PBXFileReference; lastKnownFileType = folder; path = Templates; sourceTree = "<group>"; };
		CD666A991E0BEF4F0045D31A /* Diffable.swift */ = {isa = PBXFileReference; fileEncoding = 4; lastKnownFileType = sourcecode.swift; path = Diffable.swift; sourceTree = "<group>"; };
		CD666A9B1E0BF0A10045D31A /* Diffable.generated.swift */ = {isa = PBXFileReference; fileEncoding = 4; lastKnownFileType = sourcecode.swift; path = Diffable.generated.swift; sourceTree = "<group>"; };
		CD754C8B1D853F000082B512 /* Sourcery.app */ = {isa = PBXFileReference; explicitFileType = wrapper.application; includeInIndex = 0; path = Sourcery.app; sourceTree = BUILT_PRODUCTS_DIR; };
		CD754C951D853F000082B512 /* Info.plist */ = {isa = PBXFileReference; lastKnownFileType = text.plist.xml; path = Info.plist; sourceTree = "<group>"; };
		CD754C9A1D853F000082B512 /* SourceryTests.xctest */ = {isa = PBXFileReference; explicitFileType = wrapper.cfbundle; includeInIndex = 0; path = SourceryTests.xctest; sourceTree = BUILT_PRODUCTS_DIR; };
		CD754CA01D853F000082B512 /* Info.plist */ = {isa = PBXFileReference; lastKnownFileType = text.plist.xml; path = Info.plist; sourceTree = "<group>"; };
		CD812F541DFDCC1A0088B2F6 /* AccessLevel.swift */ = {isa = PBXFileReference; fileEncoding = 4; lastKnownFileType = sourcecode.swift; path = AccessLevel.swift; sourceTree = "<group>"; };
		CD812F551DFDCC1A0088B2F6 /* Enum.swift */ = {isa = PBXFileReference; fileEncoding = 4; lastKnownFileType = sourcecode.swift; path = Enum.swift; sourceTree = "<group>"; };
		CD812F561DFDCC1A0088B2F6 /* Protocol.swift */ = {isa = PBXFileReference; fileEncoding = 4; lastKnownFileType = sourcecode.swift; path = Protocol.swift; sourceTree = "<group>"; };
		CD812F571DFDCC1A0088B2F6 /* Struct.swift */ = {isa = PBXFileReference; fileEncoding = 4; lastKnownFileType = sourcecode.swift; path = Struct.swift; sourceTree = "<group>"; };
		CD812F581DFDCC1A0088B2F6 /* Type.swift */ = {isa = PBXFileReference; fileEncoding = 4; lastKnownFileType = sourcecode.swift; path = Type.swift; sourceTree = "<group>"; };
		CD812F591DFDCC1A0088B2F6 /* Variable.swift */ = {isa = PBXFileReference; fileEncoding = 4; lastKnownFileType = sourcecode.swift; path = Variable.swift; sourceTree = "<group>"; };
		CD812F611DFDCDA10088B2F6 /* Equality.generated.swift */ = {isa = PBXFileReference; fileEncoding = 4; lastKnownFileType = sourcecode.swift; path = Equality.generated.swift; sourceTree = "<group>"; };
		CD812F661DFDD3990088B2F6 /* Description.generated.swift */ = {isa = PBXFileReference; fileEncoding = 4; lastKnownFileType = sourcecode.swift; path = Description.generated.swift; sourceTree = "<group>"; };
		CD9C459C1DFAF76D00161C2C /* main.swift */ = {isa = PBXFileReference; fileEncoding = 4; lastKnownFileType = sourcecode.swift; path = main.swift; sourceTree = "<group>"; };
		CDBD141D1DFFC2CC00FF9F21 /* Description.stencil */ = {isa = PBXFileReference; fileEncoding = 4; lastKnownFileType = text; path = Description.stencil; sourceTree = "<group>"; };
		CDBD141E1DFFC2CC00FF9F21 /* Equality.stencil */ = {isa = PBXFileReference; fileEncoding = 4; lastKnownFileType = text; path = Equality.stencil; sourceTree = "<group>"; };
		CDBEC15B1E242B9E0090E881 /* StencilTemplate.swift */ = {isa = PBXFileReference; fileEncoding = 4; lastKnownFileType = sourcecode.swift; path = StencilTemplate.swift; sourceTree = "<group>"; };
		CDE812EC1E1127FF00F1FF97 /* Sourcery+PerformanceSpec.swift */ = {isa = PBXFileReference; fileEncoding = 4; lastKnownFileType = sourcecode.swift; path = "Sourcery+PerformanceSpec.swift"; sourceTree = "<group>"; };
		CDE812EE1E112CC700F1FF97 /* Performance-Code */ = {isa = PBXFileReference; lastKnownFileType = folder; path = "Performance-Code"; sourceTree = "<group>"; };
		CDF68B731E1C137E007C5396 /* Typed.stencil */ = {isa = PBXFileReference; fileEncoding = 4; lastKnownFileType = text; path = Typed.stencil; sourceTree = "<group>"; };
		CDF68B751E1C143D007C5396 /* Typed.generated.swift */ = {isa = PBXFileReference; fileEncoding = 4; lastKnownFileType = sourcecode.swift; path = Typed.generated.swift; sourceTree = "<group>"; };
		D7C9B21117B6C7EB409B9D49 /* Pods_Sourcery.framework */ = {isa = PBXFileReference; explicitFileType = wrapper.framework; includeInIndex = 0; path = Pods_Sourcery.framework; sourceTree = BUILT_PRODUCTS_DIR; };
		E291D04C9425FA502B37895D /* Type+Stencil.swift */ = {isa = PBXFileReference; fileEncoding = 4; lastKnownFileType = sourcecode.swift; path = "Type+Stencil.swift"; sourceTree = "<group>"; };
		E291D099BB0A5B35011F59C7 /* Substring.swift */ = {isa = PBXFileReference; fileEncoding = 4; lastKnownFileType = sourcecode.swift; path = Substring.swift; sourceTree = "<group>"; };
		E291D0D4A5AF091CD15550FD /* StencilTemplateSpec.swift */ = {isa = PBXFileReference; fileEncoding = 4; lastKnownFileType = sourcecode.swift; path = StencilTemplateSpec.swift; sourceTree = "<group>"; };
		E291D139206162204C48F396 /* CustomMatchers.swift */ = {isa = PBXFileReference; fileEncoding = 4; lastKnownFileType = sourcecode.swift; path = CustomMatchers.swift; sourceTree = "<group>"; };
		E291D2450093BB4B3A9ADFEC /* Stubs.swift */ = {isa = PBXFileReference; fileEncoding = 4; lastKnownFileType = sourcecode.swift; path = Stubs.swift; sourceTree = "<group>"; };
		E291D30C065089B348EE7C42 /* DiffableSpec.swift */ = {isa = PBXFileReference; fileEncoding = 4; lastKnownFileType = sourcecode.swift; path = DiffableSpec.swift; sourceTree = "<group>"; };
		E291D37EF6AA39833209828F /* FileParser+VariableSpec.swift */ = {isa = PBXFileReference; fileEncoding = 4; lastKnownFileType = sourcecode.swift; path = "FileParser+VariableSpec.swift"; sourceTree = "<group>"; };
		E291D3D222F05C42C246CB73 /* EnumSpec.swift */ = {isa = PBXFileReference; fileEncoding = 4; lastKnownFileType = sourcecode.swift; path = EnumSpec.swift; sourceTree = "<group>"; };
		E291D3DB89E4D87FE8CB1A33 /* Composer.swift */ = {isa = PBXFileReference; fileEncoding = 4; lastKnownFileType = sourcecode.swift; path = Composer.swift; sourceTree = "<group>"; };
		E291D5CD7EEDC70CB423C0BE /* Extensions.swift */ = {isa = PBXFileReference; fileEncoding = 4; lastKnownFileType = sourcecode.swift; path = Extensions.swift; sourceTree = "<group>"; };
		E291D86E6DD88E4A47D9BBD6 /* TypeName.swift */ = {isa = PBXFileReference; fileEncoding = 4; lastKnownFileType = sourcecode.swift; path = TypeName.swift; sourceTree = "<group>"; };
		E291D8D53A557DA9E6D27C3C /* VariableSpec.swift */ = {isa = PBXFileReference; fileEncoding = 4; lastKnownFileType = sourcecode.swift; path = VariableSpec.swift; sourceTree = "<group>"; };
		E291DA16190CED2907BDEA06 /* Generator.swift */ = {isa = PBXFileReference; fileEncoding = 4; lastKnownFileType = sourcecode.swift; path = Generator.swift; sourceTree = "<group>"; };
		E291DB1241856B9CFAAA25E7 /* SourcerySpec.swift */ = {isa = PBXFileReference; fileEncoding = 4; lastKnownFileType = sourcecode.swift; path = SourcerySpec.swift; sourceTree = "<group>"; };
		E291DB6A95BAECDB6E978A76 /* Sourcery.swift */ = {isa = PBXFileReference; fileEncoding = 4; lastKnownFileType = sourcecode.swift; path = Sourcery.swift; sourceTree = "<group>"; };
		E291DBAA16ABFED8C04CB42A /* FolderWatcher.swift */ = {isa = PBXFileReference; fileEncoding = 4; lastKnownFileType = sourcecode.swift; path = FolderWatcher.swift; sourceTree = "<group>"; };
		E291DBBBE7AF85DF7D7AF97D /* FileParser.swift */ = {isa = PBXFileReference; fileEncoding = 4; lastKnownFileType = sourcecode.swift; path = FileParser.swift; sourceTree = "<group>"; };
		E291DBEB509979F90A2BDF94 /* TypeReflectionBox.swift */ = {isa = PBXFileReference; fileEncoding = 4; lastKnownFileType = sourcecode.swift; path = TypeReflectionBox.swift; sourceTree = "<group>"; };
		E291DC7064748459115A1660 /* Template.swift */ = {isa = PBXFileReference; fileEncoding = 4; lastKnownFileType = sourcecode.swift; path = Template.swift; sourceTree = "<group>"; };
		E291DCDA23F3C1A44331A245 /* AnnotationsParser.swift */ = {isa = PBXFileReference; fileEncoding = 4; lastKnownFileType = sourcecode.swift; path = AnnotationsParser.swift; sourceTree = "<group>"; };
		E291DCF0A8E779EC67C9A37E /* AnnotationsParserSpec.swift */ = {isa = PBXFileReference; fileEncoding = 4; lastKnownFileType = sourcecode.swift; path = AnnotationsParserSpec.swift; sourceTree = "<group>"; };
		E291DD46F8BC3AA0E7E5FB4D /* FileParserSpec.swift */ = {isa = PBXFileReference; fileEncoding = 4; lastKnownFileType = sourcecode.swift; path = FileParserSpec.swift; sourceTree = "<group>"; };
		E291DF28602426F7A4C8D737 /* GeneratorSpec.swift */ = {isa = PBXFileReference; fileEncoding = 4; lastKnownFileType = sourcecode.swift; path = GeneratorSpec.swift; sourceTree = "<group>"; };
		E291DF48D4FBBB43C1F7EF8A /* TypeSpec.swift */ = {isa = PBXFileReference; fileEncoding = 4; lastKnownFileType = sourcecode.swift; path = TypeSpec.swift; sourceTree = "<group>"; };
		E291DFE1A3D6905537EE86D9 /* ComposerSpec.swift */ = {isa = PBXFileReference; fileEncoding = 4; lastKnownFileType = sourcecode.swift; path = ComposerSpec.swift; sourceTree = "<group>"; };
/* End PBXFileReference section */

/* Begin PBXFrameworksBuildPhase section */
		CD754C881D853F000082B512 /* Frameworks */ = {
			isa = PBXFrameworksBuildPhase;
			buildActionMask = 2147483647;
			files = (
				985E4D303A731C40BE326E5C /* Pods_Sourcery.framework in Frameworks */,
			);
			runOnlyForDeploymentPostprocessing = 0;
		};
		CD754C971D853F000082B512 /* Frameworks */ = {
			isa = PBXFrameworksBuildPhase;
			buildActionMask = 2147483647;
			files = (
				58A8D89B0B5015671E6B526C /* Pods_SourceryTests.framework in Frameworks */,
			);
			runOnlyForDeploymentPostprocessing = 0;
		};
/* End PBXFrameworksBuildPhase section */

/* Begin PBXGroup section */
		003958827841F12BBF99EB67 /* Frameworks */ = {
			isa = PBXGroup;
			children = (
				D7C9B21117B6C7EB409B9D49 /* Pods_Sourcery.framework */,
				6F74DA40979C0911C0573C7A /* Pods_SourceryTests.framework */,
			);
			name = Frameworks;
			sourceTree = "<group>";
		};
		8E9D92C3AA77031D4D09801C /* Pods */ = {
			isa = PBXGroup;
			children = (
				3825CA349BD2B2AAB9605E7F /* Pods-Sourcery.debug.xcconfig */,
				47FBEB8D5AB4DA51522B302B /* Pods-Sourcery.release.xcconfig */,
				67BC066E18D9BE38229EEFA2 /* Pods-SourceryTests.debug.xcconfig */,
				4E26A60E38FEA181642B97B4 /* Pods-SourceryTests.release.xcconfig */,
			);
			name = Pods;
			sourceTree = "<group>";
		};
		C894A1AB1E1931500098327C /* Swift */ = {
			isa = PBXGroup;
			children = (
				C894A1AE1E19326C0098327C /* SwiftTemplate.swift */,
				C894A1AF1E19326C0098327C /* SwiftTemplate+Runtime.swift */,
				C894A1AC1E1931500098327C /* GenerationContext.swift */,
			);
			path = Swift;
			sourceTree = "<group>";
		};
		CD754C821D853F000082B512 = {
			isa = PBXGroup;
			children = (
				CD754C8D1D853F000082B512 /* Sourcery */,
				CD754C9D1D853F000082B512 /* SourceryTests */,
				CD754C8C1D853F000082B512 /* Products */,
				8E9D92C3AA77031D4D09801C /* Pods */,
				003958827841F12BBF99EB67 /* Frameworks */,
			);
			sourceTree = "<group>";
		};
		CD754C8C1D853F000082B512 /* Products */ = {
			isa = PBXGroup;
			children = (
				CD754C8B1D853F000082B512 /* Sourcery.app */,
				CD754C9A1D853F000082B512 /* SourceryTests.xctest */,
			);
			name = Products;
			sourceTree = "<group>";
		};
		CD754C8D1D853F000082B512 /* Sourcery */ = {
			isa = PBXGroup;
			children = (
				E291DB36A516C712B48D88D4 /* Utils */,
				CD812F631DFDCED40088B2F6 /* Templates */,
				CD812F601DFDCD900088B2F6 /* CodeGenerated */,
				CD812F531DFDCC1A0088B2F6 /* Models */,
				E291DB249799066B169A0F41 /* Parsing */,
				E291DB64F90A7CCCD66B3801 /* Generating */,
				E291DB6A95BAECDB6E978A76 /* Sourcery.swift */,
				CD754C951D853F000082B512 /* Info.plist */,
				CD9C459C1DFAF76D00161C2C /* main.swift */,
			);
			path = Sourcery;
			sourceTree = "<group>";
		};
		CD754C9D1D853F000082B512 /* SourceryTests */ = {
			isa = PBXGroup;
			children = (
				E291D0AE58E620796FB2B57D /* Helpers */,
				E291D36844A70DF851656DE8 /* Stub */,
				E291D8DDDA3F3377871F27A4 /* Models */,
				E291D114F84B90258AD76A35 /* Parsing */,
				E291DC8AFD88340E1355E531 /* Generating */,
				CD754CA01D853F000082B512 /* Info.plist */,
				E291DF28602426F7A4C8D737 /* GeneratorSpec.swift */,
				E291DB1241856B9CFAAA25E7 /* SourcerySpec.swift */,
				CDE812EC1E1127FF00F1FF97 /* Sourcery+PerformanceSpec.swift */,
			);
			path = SourceryTests;
			sourceTree = SOURCE_ROOT;
		};
		CD812F531DFDCC1A0088B2F6 /* Models */ = {
			isa = PBXGroup;
			children = (
				CD812F541DFDCC1A0088B2F6 /* AccessLevel.swift */,
				CD812F551DFDCC1A0088B2F6 /* Enum.swift */,
				CD812F561DFDCC1A0088B2F6 /* Protocol.swift */,
				CD812F571DFDCC1A0088B2F6 /* Struct.swift */,
				09C6B0D11E11BA2500246CDF /* Class.swift */,
				CD812F581DFDCC1A0088B2F6 /* Type.swift */,
				097E11ED1E05E76900FEB751 /* Typealias.swift */,
				CD812F591DFDCC1A0088B2F6 /* Variable.swift */,
				CD666A991E0BEF4F0045D31A /* Diffable.swift */,
				0967DA671E0488170084F702 /* Method.swift */,
				E291D86E6DD88E4A47D9BBD6 /* TypeName.swift */,
				0911DAF11E212817001FF3EB /* Annotations.swift */,
				098442741E2241F10051E1A1 /* Attribute.swift */,
			);
			path = Models;
			sourceTree = "<group>";
		};
		CD812F601DFDCD900088B2F6 /* CodeGenerated */ = {
			isa = PBXGroup;
			children = (
				C894A1A51E1930990098327C /* Coding.generated.swift */,
				CDF68B751E1C143D007C5396 /* Typed.generated.swift */,
				CD666A9B1E0BF0A10045D31A /* Diffable.generated.swift */,
				CD812F611DFDCDA10088B2F6 /* Equality.generated.swift */,
				CD812F661DFDD3990088B2F6 /* Description.generated.swift */,
			);
			path = CodeGenerated;
			sourceTree = "<group>";
		};
		CD812F631DFDCED40088B2F6 /* Templates */ = {
			isa = PBXGroup;
			children = (
				C894A1B61E19381A0098327C /* Coding.stencil */,
				CDBD141D1DFFC2CC00FF9F21 /* Description.stencil */,
				CDBD141E1DFFC2CC00FF9F21 /* Equality.stencil */,
				097E11F81E0F01BD00FEB751 /* Diffable.stencil */,
				CDF68B731E1C137E007C5396 /* Typed.stencil */,
				09B1DD381E219D95009228EE /* TypedSpec.stencil */,
			);
			path = Templates;
			sourceTree = "<group>";
		};
		E291D0AE58E620796FB2B57D /* Helpers */ = {
			isa = PBXGroup;
			children = (
				E291D139206162204C48F396 /* CustomMatchers.swift */,
				E291D5CD7EEDC70CB423C0BE /* Extensions.swift */,
			);
			path = Helpers;
			sourceTree = "<group>";
		};
		E291D114F84B90258AD76A35 /* Parsing */ = {
			isa = PBXGroup;
			children = (
				E291DFE1A3D6905537EE86D9 /* ComposerSpec.swift */,
				E291DD46F8BC3AA0E7E5FB4D /* FileParserSpec.swift */,
				E291DCF0A8E779EC67C9A37E /* AnnotationsParserSpec.swift */,
				E291D37EF6AA39833209828F /* FileParser+VariableSpec.swift */,
				098442721E21BF850051E1A1 /* FileParser + AttributesSpec.swift */,
			);
			path = Parsing;
			sourceTree = "<group>";
		};
		E291D1A12EBFA4B3450C5894 /* Utils */ = {
			isa = PBXGroup;
			children = (
				E291D099BB0A5B35011F59C7 /* Substring.swift */,
				E291DCDA23F3C1A44331A245 /* AnnotationsParser.swift */,
				0911DAEF1E1D90D1001FF3EB /* Extensions.swift */,
			);
			path = Utils;
			sourceTree = "<group>";
		};
		E291D36844A70DF851656DE8 /* Stub */ = {
			isa = PBXGroup;
			children = (
				C894A1B21E19328E0098327C /* SwiftTemplates */,
				CDE812EE1E112CC700F1FF97 /* Performance-Code */,
				CD475D6E1DE9B98B009AD8B0 /* Result */,
				CD53EE671D897D2900F5886C /* Templates */,
				CD53EE651D897C1F00F5886C /* Source */,
				E291D2450093BB4B3A9ADFEC /* Stubs.swift */,
			);
			path = Stub;
			sourceTree = "<group>";
		};
		E291D8DDDA3F3377871F27A4 /* Models */ = {
			isa = PBXGroup;
			children = (
				E291D8D53A557DA9E6D27C3C /* VariableSpec.swift */,
				E291DF48D4FBBB43C1F7EF8A /* TypeSpec.swift */,
				09C6B0D31E11C1C500246CDF /* ClassSpec.swift */,
				09346DC71E02195300D6358C /* StructSpec.swift */,
				0967DA601E0341400084F702 /* ProtocolSpec.swift */,
				E291D3D222F05C42C246CB73 /* EnumSpec.swift */,
				097E11EF1E05E78600FEB751 /* TypealiasSpec.swift */,
				E291D30C065089B348EE7C42 /* DiffableSpec.swift */,
				097E11F61E0EF63100FEB751 /* MethodSpec.swift */,
				0911DAF31E2141B7001FF3EB /* TypeNameSpec.swift */,
				09B1DD3A1E219EA3009228EE /* TypedSpec.generated.swift */,
			);
			path = Models;
			sourceTree = "<group>";
		};
		E291D9983C09B59A00BC9213 /* Stencil */ = {
			isa = PBXGroup;
			children = (
				E291DF7A5CF2FE34B8457DD3 /* Utils */,
				CDBEC15B1E242B9E0090E881 /* StencilTemplate.swift */,
			);
			path = Stencil;
			sourceTree = "<group>";
		};
		E291DB249799066B169A0F41 /* Parsing */ = {
			isa = PBXGroup;
			children = (
				E291D1A12EBFA4B3450C5894 /* Utils */,
				E291DBBBE7AF85DF7D7AF97D /* FileParser.swift */,
				E291D3DB89E4D87FE8CB1A33 /* Composer.swift */,
			);
			path = Parsing;
			sourceTree = "<group>";
		};
		E291DB36A516C712B48D88D4 /* Utils */ = {
			isa = PBXGroup;
			children = (
				E291DBAA16ABFED8C04CB42A /* FolderWatcher.swift */,
				C8E88CAF1E20579100102D17 /* Path+Extensions.swift */,
			);
			path = Utils;
			sourceTree = "<group>";
		};
		E291DB64F90A7CCCD66B3801 /* Generating */ = {
			isa = PBXGroup;
			children = (
				E291DC91111A3AB71706291C /* Template */,
				E291DA16190CED2907BDEA06 /* Generator.swift */,
			);
			path = Generating;
			sourceTree = "<group>";
		};
		E291DC8AFD88340E1355E531 /* Generating */ = {
			isa = PBXGroup;
			children = (
				C894A1B41E1932E90098327C /* SwiftTemplateSpecs.swift */,
				E291D0D4A5AF091CD15550FD /* StencilTemplateSpec.swift */,
			);
			path = Generating;
			sourceTree = "<group>";
		};
		E291DC91111A3AB71706291C /* Template */ = {
			isa = PBXGroup;
			children = (
				C894A1AB1E1931500098327C /* Swift */,
				E291D9983C09B59A00BC9213 /* Stencil */,
				E291DC7064748459115A1660 /* Template.swift */,
			);
			path = Template;
			sourceTree = "<group>";
		};
		E291DF7A5CF2FE34B8457DD3 /* Utils */ = {
			isa = PBXGroup;
			children = (
				E291D04C9425FA502B37895D /* Type+Stencil.swift */,
				E291DBEB509979F90A2BDF94 /* TypeReflectionBox.swift */,
			);
			path = Utils;
			sourceTree = "<group>";
		};
/* End PBXGroup section */

/* Begin PBXNativeTarget section */
		CD754C8A1D853F000082B512 /* Sourcery */ = {
			isa = PBXNativeTarget;
			buildConfigurationList = CD754CA31D853F000082B512 /* Build configuration list for PBXNativeTarget "Sourcery" */;
			buildPhases = (
				8E96ACE81324E260FA5DCECB /* [CP] Check Pods Manifest.lock */,
				CD754C871D853F000082B512 /* Sources */,
				CD754C881D853F000082B512 /* Frameworks */,
				CD754C891D853F000082B512 /* Resources */,
				C7CDE8D445443BF7F4CF3AEB /* [CP] Embed Pods Frameworks */,
				A7A107008E6572DA90B257F6 /* [CP] Copy Pods Resources */,
				CD754CB41D85431F0082B512 /* Embed Frameworks */,
				C894A1B81E1989C00098327C /* SwiftTemplates */,
			);
			buildRules = (
			);
			dependencies = (
			);
			name = Sourcery;
			productName = Sourcery;
			productReference = CD754C8B1D853F000082B512 /* Sourcery.app */;
			productType = "com.apple.product-type.application";
		};
		CD754C991D853F000082B512 /* SourceryTests */ = {
			isa = PBXNativeTarget;
			buildConfigurationList = CD754CA61D853F000082B512 /* Build configuration list for PBXNativeTarget "SourceryTests" */;
			buildPhases = (
				D135298010CC2F3340A9BC8A /* [CP] Check Pods Manifest.lock */,
				CDBFAC0F1D85441A006D5982 /* Run SwiftLint */,
				CD754C961D853F000082B512 /* Sources */,
				CD754C971D853F000082B512 /* Frameworks */,
				CD754C981D853F000082B512 /* Resources */,
				5A66FD29246554529ED2EAC1 /* [CP] Embed Pods Frameworks */,
				57D1C15E0000E78CAA9B20FF /* [CP] Copy Pods Resources */,
			);
			buildRules = (
			);
			dependencies = (
				CD754C9C1D853F000082B512 /* PBXTargetDependency */,
			);
			name = SourceryTests;
			productName = SourceryTests;
			productReference = CD754C9A1D853F000082B512 /* SourceryTests.xctest */;
			productType = "com.apple.product-type.bundle.unit-test";
		};
/* End PBXNativeTarget section */

/* Begin PBXProject section */
		CD754C831D853F000082B512 /* Project object */ = {
			isa = PBXProject;
			attributes = {
				LastSwiftUpdateCheck = 0730;
				LastUpgradeCheck = 0820;
				ORGANIZATIONNAME = Pixle;
				TargetAttributes = {
					CD754C8A1D853F000082B512 = {
						CreatedOnToolsVersion = 7.3.1;
						LastSwiftMigration = 0820;
					};
					CD754C991D853F000082B512 = {
						CreatedOnToolsVersion = 7.3.1;
						LastSwiftMigration = 0820;
						TestTargetID = CD754C8A1D853F000082B512;
					};
				};
			};
			buildConfigurationList = CD754C861D853F000082B512 /* Build configuration list for PBXProject "Sourcery" */;
			compatibilityVersion = "Xcode 3.2";
			developmentRegion = English;
			hasScannedForEncodings = 0;
			knownRegions = (
				en,
				Base,
			);
			mainGroup = CD754C821D853F000082B512;
			productRefGroup = CD754C8C1D853F000082B512 /* Products */;
			projectDirPath = "";
			projectRoot = "";
			targets = (
				CD754C8A1D853F000082B512 /* Sourcery */,
				CD754C991D853F000082B512 /* SourceryTests */,
			);
		};
/* End PBXProject section */

/* Begin PBXResourcesBuildPhase section */
		CD754C891D853F000082B512 /* Resources */ = {
			isa = PBXResourcesBuildPhase;
			buildActionMask = 2147483647;
			files = (
			);
			runOnlyForDeploymentPostprocessing = 0;
		};
		CD754C981D853F000082B512 /* Resources */ = {
			isa = PBXResourcesBuildPhase;
			buildActionMask = 2147483647;
			files = (
				CD53EE681D897D2900F5886C /* Templates in Resources */,
				CD475D6F1DE9B98B009AD8B0 /* Result in Resources */,
				CDE812EF1E112CC700F1FF97 /* Performance-Code in Resources */,
				C894A1B31E19328E0098327C /* SwiftTemplates in Resources */,
				CD53EE661D897C1F00F5886C /* Source in Resources */,
			);
			runOnlyForDeploymentPostprocessing = 0;
		};
/* End PBXResourcesBuildPhase section */

/* Begin PBXShellScriptBuildPhase section */
		57D1C15E0000E78CAA9B20FF /* [CP] Copy Pods Resources */ = {
			isa = PBXShellScriptBuildPhase;
			buildActionMask = 2147483647;
			files = (
			);
			inputPaths = (
			);
			name = "[CP] Copy Pods Resources";
			outputPaths = (
			);
			runOnlyForDeploymentPostprocessing = 0;
			shellPath = /bin/sh;
			shellScript = "\"${SRCROOT}/Pods/Target Support Files/Pods-SourceryTests/Pods-SourceryTests-resources.sh\"\n";
			showEnvVarsInLog = 0;
		};
		5A66FD29246554529ED2EAC1 /* [CP] Embed Pods Frameworks */ = {
			isa = PBXShellScriptBuildPhase;
			buildActionMask = 2147483647;
			files = (
			);
			inputPaths = (
			);
			name = "[CP] Embed Pods Frameworks";
			outputPaths = (
			);
			runOnlyForDeploymentPostprocessing = 0;
			shellPath = /bin/sh;
			shellScript = "\"${SRCROOT}/Pods/Target Support Files/Pods-SourceryTests/Pods-SourceryTests-frameworks.sh\"\n";
			showEnvVarsInLog = 0;
		};
		8E96ACE81324E260FA5DCECB /* [CP] Check Pods Manifest.lock */ = {
			isa = PBXShellScriptBuildPhase;
			buildActionMask = 2147483647;
			files = (
			);
			inputPaths = (
			);
			name = "[CP] Check Pods Manifest.lock";
			outputPaths = (
			);
			runOnlyForDeploymentPostprocessing = 0;
			shellPath = /bin/sh;
			shellScript = "diff \"${PODS_ROOT}/../Podfile.lock\" \"${PODS_ROOT}/Manifest.lock\" > /dev/null\nif [ $? != 0 ] ; then\n    # print error to STDERR\n    echo \"error: The sandbox is not in sync with the Podfile.lock. Run 'pod install' or update your CocoaPods installation.\" >&2\n    exit 1\nfi\n";
			showEnvVarsInLog = 0;
		};
		A7A107008E6572DA90B257F6 /* [CP] Copy Pods Resources */ = {
			isa = PBXShellScriptBuildPhase;
			buildActionMask = 2147483647;
			files = (
			);
			inputPaths = (
			);
			name = "[CP] Copy Pods Resources";
			outputPaths = (
			);
			runOnlyForDeploymentPostprocessing = 0;
			shellPath = /bin/sh;
			shellScript = "\"${SRCROOT}/Pods/Target Support Files/Pods-Sourcery/Pods-Sourcery-resources.sh\"\n";
			showEnvVarsInLog = 0;
		};
		C7CDE8D445443BF7F4CF3AEB /* [CP] Embed Pods Frameworks */ = {
			isa = PBXShellScriptBuildPhase;
			buildActionMask = 2147483647;
			files = (
			);
			inputPaths = (
			);
			name = "[CP] Embed Pods Frameworks";
			outputPaths = (
			);
			runOnlyForDeploymentPostprocessing = 0;
			shellPath = /bin/sh;
			shellScript = "\"${SRCROOT}/Pods/Target Support Files/Pods-Sourcery/Pods-Sourcery-frameworks.sh\"\n";
			showEnvVarsInLog = 0;
		};
		CDBFAC0F1D85441A006D5982 /* Run SwiftLint */ = {
			isa = PBXShellScriptBuildPhase;
			buildActionMask = 2147483647;
			files = (
			);
			inputPaths = (
			);
			name = "Run SwiftLint";
			outputPaths = (
			);
			runOnlyForDeploymentPostprocessing = 0;
			shellPath = /bin/sh;
			shellScript = "\"${SRCROOT}/Scripts/SwiftLint.sh\"";
		};
		D135298010CC2F3340A9BC8A /* [CP] Check Pods Manifest.lock */ = {
			isa = PBXShellScriptBuildPhase;
			buildActionMask = 2147483647;
			files = (
			);
			inputPaths = (
			);
			name = "[CP] Check Pods Manifest.lock";
			outputPaths = (
			);
			runOnlyForDeploymentPostprocessing = 0;
			shellPath = /bin/sh;
			shellScript = "diff \"${PODS_ROOT}/../Podfile.lock\" \"${PODS_ROOT}/Manifest.lock\" > /dev/null\nif [ $? != 0 ] ; then\n    # print error to STDERR\n    echo \"error: The sandbox is not in sync with the Podfile.lock. Run 'pod install' or update your CocoaPods installation.\" >&2\n    exit 1\nfi\n";
			showEnvVarsInLog = 0;
		};
/* End PBXShellScriptBuildPhase section */

/* Begin PBXSourcesBuildPhase section */
		CD754C871D853F000082B512 /* Sources */ = {
			isa = PBXSourcesBuildPhase;
			buildActionMask = 2147483647;
			files = (
				098442751E2241F20051E1A1 /* Attribute.swift in Sources */,
				CD666A9A1E0BEF4F0045D31A /* Diffable.swift in Sources */,
				0911DAF01E1D90D1001FF3EB /* Extensions.swift in Sources */,
				E291D5ABECEE3435131D8D05 /* FileParser.swift in Sources */,
				0967DA681E0488170084F702 /* Method.swift in Sources */,
				CD9C459D1DFAF76D00161C2C /* main.swift in Sources */,
				CD812F5B1DFDCC1A0088B2F6 /* Enum.swift in Sources */,
				CD812F5C1DFDCC1A0088B2F6 /* Protocol.swift in Sources */,
				09C6B0D21E11BA2500246CDF /* Class.swift in Sources */,
				CD812F5D1DFDCC1A0088B2F6 /* Struct.swift in Sources */,
				C8E88CB01E20579100102D17 /* Path+Extensions.swift in Sources */,
				C894A1B11E19326C0098327C /* SwiftTemplate+Runtime.swift in Sources */,
				CD812F621DFDCDA10088B2F6 /* Equality.generated.swift in Sources */,
				E291D8C0F0FE5B3DF91025CC /* Generator.swift in Sources */,
				C894A1AD1E1931500098327C /* GenerationContext.swift in Sources */,
				C894A1A61E1930990098327C /* Coding.generated.swift in Sources */,
				CD812F5A1DFDCC1A0088B2F6 /* AccessLevel.swift in Sources */,
				E291DCA363FD8EBF0455C712 /* Sourcery.swift in Sources */,
				CDF68B761E1C143D007C5396 /* Typed.generated.swift in Sources */,
				CD812F5E1DFDCC1A0088B2F6 /* Type.swift in Sources */,
				CD812F5F1DFDCC1A0088B2F6 /* Variable.swift in Sources */,
				C894A1B01E19326C0098327C /* SwiftTemplate.swift in Sources */,
				CD666A9C1E0BF0A10045D31A /* Diffable.generated.swift in Sources */,
				097E11EE1E05E76900FEB751 /* Typealias.swift in Sources */,
				CD812F671DFDD3990088B2F6 /* Description.generated.swift in Sources */,
				E291DDBDE2CF209C856B90D7 /* TypeName.swift in Sources */,
				E291DDC342DD8A3BFD4D55B8 /* Template.swift in Sources */,
				E291D4D8E67E26F4567EB5DE /* Composer.swift in Sources */,
				0911DAF21E212817001FF3EB /* Annotations.swift in Sources */,
				E291DD2ED0B47ECB174FEAAD /* Substring.swift in Sources */,
				E291DF1320ACA969F7A8CBAE /* AnnotationsParser.swift in Sources */,
				E291D8DB06EC63770326562B /* Type+Stencil.swift in Sources */,
				E291DBF5DD36D79E01E41270 /* TypeReflectionBox.swift in Sources */,
				CDBEC15C1E242B9E0090E881 /* StencilTemplate.swift in Sources */,
				E291D33EA3BB6FC777B3950E /* FolderWatcher.swift in Sources */,
			);
			runOnlyForDeploymentPostprocessing = 0;
		};
		CD754C961D853F000082B512 /* Sources */ = {
			isa = PBXSourcesBuildPhase;
			buildActionMask = 2147483647;
			files = (
				09B1DD3F1E21ADD8009228EE /* GeneratorSpec.swift in Sources */,
				0967DA611E0341400084F702 /* ProtocolSpec.swift in Sources */,
				CDE812ED1E1127FF00F1FF97 /* Sourcery+PerformanceSpec.swift in Sources */,
				E291D8BB621560C275813B1F /* SourcerySpec.swift in Sources */,
				09B1DD321E2147C4009228EE /* TypeNameSpec.swift in Sources */,
				09346DC81E02195300D6358C /* StructSpec.swift in Sources */,
				E291D4E250805568DBC33F7E /* TypeSpec.swift in Sources */,
				E291D48FD07450FD0A09D92E /* EnumSpec.swift in Sources */,
				097E11F71E0EF63100FEB751 /* MethodSpec.swift in Sources */,
				09C6B0D41E11C1C500246CDF /* ClassSpec.swift in Sources */,
				0984426F1E21B6D90051E1A1 /* TypedSpec.generated.swift in Sources */,
				E291DC5F2343BF3DE3334986 /* Stubs.swift in Sources */,
				097E11F01E05E78600FEB751 /* TypealiasSpec.swift in Sources */,
				098442731E21BF850051E1A1 /* FileParser + AttributesSpec.swift in Sources */,
				C894A1B51E1932E90098327C /* SwiftTemplateSpecs.swift in Sources */,
				E291D1C26BD65C6E109966AF /* CustomMatchers.swift in Sources */,
				E291DCD43D41B7F8D7AAF7B9 /* DiffableSpec.swift in Sources */,
				E291D90EC943AC5CBA99899A /* ComposerSpec.swift in Sources */,
				E291D7114BA1479EC337A070 /* FileParserSpec.swift in Sources */,
				E291DF22F03C87C646576942 /* AnnotationsParserSpec.swift in Sources */,
				09B1DD3E1E21ADD2009228EE /* VariableSpec.swift in Sources */,
				E291DA3352C0EDD1EB8DDCB3 /* FileParser+VariableSpec.swift in Sources */,
				E291DE1CB3B72BAA22DEDEDA /* StencilTemplateSpec.swift in Sources */,
				E291D00F3B27A346A9ACCDA4 /* Extensions.swift in Sources */,
			);
			runOnlyForDeploymentPostprocessing = 0;
		};
/* End PBXSourcesBuildPhase section */

/* Begin PBXTargetDependency section */
		CD754C9C1D853F000082B512 /* PBXTargetDependency */ = {
			isa = PBXTargetDependency;
			target = CD754C8A1D853F000082B512 /* Sourcery */;
			targetProxy = CD754C9B1D853F000082B512 /* PBXContainerItemProxy */;
		};
/* End PBXTargetDependency section */

/* Begin XCBuildConfiguration section */
		CD754CA11D853F000082B512 /* Debug */ = {
			isa = XCBuildConfiguration;
			buildSettings = {
				ALWAYS_SEARCH_USER_PATHS = NO;
				CLANG_ANALYZER_NONNULL = YES;
				CLANG_CXX_LANGUAGE_STANDARD = "gnu++0x";
				CLANG_CXX_LIBRARY = "libc++";
				CLANG_ENABLE_MODULES = YES;
				CLANG_ENABLE_OBJC_ARC = YES;
				CLANG_WARN_BOOL_CONVERSION = YES;
				CLANG_WARN_CONSTANT_CONVERSION = YES;
				CLANG_WARN_DIRECT_OBJC_ISA_USAGE = YES_ERROR;
				CLANG_WARN_EMPTY_BODY = YES;
				CLANG_WARN_ENUM_CONVERSION = YES;
				CLANG_WARN_INFINITE_RECURSION = YES;
				CLANG_WARN_INT_CONVERSION = YES;
				CLANG_WARN_OBJC_ROOT_CLASS = YES_ERROR;
				CLANG_WARN_SUSPICIOUS_MOVE = YES;
				CLANG_WARN_UNREACHABLE_CODE = YES;
				CLANG_WARN__DUPLICATE_METHOD_MATCH = YES;
				CODE_SIGN_IDENTITY = "-";
				COPY_PHASE_STRIP = NO;
				DEBUG_INFORMATION_FORMAT = dwarf;
				ENABLE_STRICT_OBJC_MSGSEND = YES;
				ENABLE_TESTABILITY = YES;
				GCC_C_LANGUAGE_STANDARD = gnu99;
				GCC_DYNAMIC_NO_PIC = NO;
				GCC_NO_COMMON_BLOCKS = YES;
				GCC_OPTIMIZATION_LEVEL = 0;
				GCC_PREPROCESSOR_DEFINITIONS = (
					"DEBUG=1",
					"$(inherited)",
				);
				GCC_WARN_64_TO_32_BIT_CONVERSION = YES;
				GCC_WARN_ABOUT_RETURN_TYPE = YES_ERROR;
				GCC_WARN_UNDECLARED_SELECTOR = YES;
				GCC_WARN_UNINITIALIZED_AUTOS = YES_AGGRESSIVE;
				GCC_WARN_UNUSED_FUNCTION = YES;
				GCC_WARN_UNUSED_VARIABLE = YES;
				MACOSX_DEPLOYMENT_TARGET = 10.12;
				MTL_ENABLE_DEBUG_INFO = YES;
				ONLY_ACTIVE_ARCH = YES;
				OTHER_SWIFT_FLAGS = "-D DEBUG";
				SDKROOT = macosx;
				SWIFT_OPTIMIZATION_LEVEL = "-Onone";
			};
			name = Debug;
		};
		CD754CA21D853F000082B512 /* Release */ = {
			isa = XCBuildConfiguration;
			buildSettings = {
				ALWAYS_SEARCH_USER_PATHS = NO;
				CLANG_ANALYZER_NONNULL = YES;
				CLANG_CXX_LANGUAGE_STANDARD = "gnu++0x";
				CLANG_CXX_LIBRARY = "libc++";
				CLANG_ENABLE_MODULES = YES;
				CLANG_ENABLE_OBJC_ARC = YES;
				CLANG_WARN_BOOL_CONVERSION = YES;
				CLANG_WARN_CONSTANT_CONVERSION = YES;
				CLANG_WARN_DIRECT_OBJC_ISA_USAGE = YES_ERROR;
				CLANG_WARN_EMPTY_BODY = YES;
				CLANG_WARN_ENUM_CONVERSION = YES;
				CLANG_WARN_INFINITE_RECURSION = YES;
				CLANG_WARN_INT_CONVERSION = YES;
				CLANG_WARN_OBJC_ROOT_CLASS = YES_ERROR;
				CLANG_WARN_SUSPICIOUS_MOVE = YES;
				CLANG_WARN_UNREACHABLE_CODE = YES;
				CLANG_WARN__DUPLICATE_METHOD_MATCH = YES;
				CODE_SIGN_IDENTITY = "-";
				COPY_PHASE_STRIP = NO;
				DEBUG_INFORMATION_FORMAT = "dwarf-with-dsym";
				ENABLE_NS_ASSERTIONS = NO;
				ENABLE_STRICT_OBJC_MSGSEND = YES;
				GCC_C_LANGUAGE_STANDARD = gnu99;
				GCC_NO_COMMON_BLOCKS = YES;
				GCC_WARN_64_TO_32_BIT_CONVERSION = YES;
				GCC_WARN_ABOUT_RETURN_TYPE = YES_ERROR;
				GCC_WARN_UNDECLARED_SELECTOR = YES;
				GCC_WARN_UNINITIALIZED_AUTOS = YES_AGGRESSIVE;
				GCC_WARN_UNUSED_FUNCTION = YES;
				GCC_WARN_UNUSED_VARIABLE = YES;
				MACOSX_DEPLOYMENT_TARGET = 10.12;
				MTL_ENABLE_DEBUG_INFO = NO;
				SDKROOT = macosx;
				SWIFT_OPTIMIZATION_LEVEL = "-Owholemodule";
			};
			name = Release;
		};
		CD754CA41D853F000082B512 /* Debug */ = {
			isa = XCBuildConfiguration;
			baseConfigurationReference = 3825CA349BD2B2AAB9605E7F /* Pods-Sourcery.debug.xcconfig */;
			buildSettings = {
				ALWAYS_EMBED_SWIFT_STANDARD_LIBRARIES = YES;
				ASSETCATALOG_COMPILER_APPICON_NAME = AppIcon;
				COMBINE_HIDPI_IMAGES = YES;
				FRAMEWORK_SEARCH_PATHS = (
					"$(inherited)",
					"$(PROJECT_DIR)",
				);
				INFOPLIST_FILE = Sourcery/Info.plist;
				LD_RUNPATH_SEARCH_PATHS = "$(inherited) @executable_path/../Frameworks";
				MACOSX_DEPLOYMENT_TARGET = 10.11;
				PRODUCT_BUNDLE_IDENTIFIER = Pixle.Sourcery;
				PRODUCT_NAME = "$(TARGET_NAME)";
				SWIFT_VERSION = 3.0;
			};
			name = Debug;
		};
		CD754CA51D853F000082B512 /* Release */ = {
			isa = XCBuildConfiguration;
			baseConfigurationReference = 47FBEB8D5AB4DA51522B302B /* Pods-Sourcery.release.xcconfig */;
			buildSettings = {
				ALWAYS_EMBED_SWIFT_STANDARD_LIBRARIES = YES;
				ASSETCATALOG_COMPILER_APPICON_NAME = AppIcon;
				COMBINE_HIDPI_IMAGES = YES;
				FRAMEWORK_SEARCH_PATHS = (
					"$(inherited)",
					"$(PROJECT_DIR)",
				);
				INFOPLIST_FILE = Sourcery/Info.plist;
				LD_RUNPATH_SEARCH_PATHS = "$(inherited) @executable_path/../Frameworks";
				MACOSX_DEPLOYMENT_TARGET = 10.11;
				PRODUCT_BUNDLE_IDENTIFIER = Pixle.Sourcery;
				PRODUCT_NAME = "$(TARGET_NAME)";
				SWIFT_VERSION = 3.0;
			};
			name = Release;
		};
		CD754CA71D853F000082B512 /* Debug */ = {
			isa = XCBuildConfiguration;
			baseConfigurationReference = 67BC066E18D9BE38229EEFA2 /* Pods-SourceryTests.debug.xcconfig */;
			buildSettings = {
				ALWAYS_EMBED_SWIFT_STANDARD_LIBRARIES = YES;
				BUNDLE_LOADER = "$(TEST_HOST)";
				COMBINE_HIDPI_IMAGES = YES;
				FRAMEWORK_SEARCH_PATHS = "$(inherited)";
				INFOPLIST_FILE = SourceryTests/Info.plist;
				LD_RUNPATH_SEARCH_PATHS = "$(inherited) @executable_path/../Frameworks @loader_path/../Frameworks";
				MACOSX_DEPLOYMENT_TARGET = 10.11;
				PRODUCT_BUNDLE_IDENTIFIER = Pixle.SourceryTests;
				PRODUCT_NAME = "$(TARGET_NAME)";
				SWIFT_VERSION = 3.0;
				TEST_HOST = "$(BUILT_PRODUCTS_DIR)/Sourcery.app/Contents/MacOS/Sourcery";
			};
			name = Debug;
		};
		CD754CA81D853F000082B512 /* Release */ = {
			isa = XCBuildConfiguration;
			baseConfigurationReference = 4E26A60E38FEA181642B97B4 /* Pods-SourceryTests.release.xcconfig */;
			buildSettings = {
				ALWAYS_EMBED_SWIFT_STANDARD_LIBRARIES = YES;
				BUNDLE_LOADER = "$(TEST_HOST)";
				COMBINE_HIDPI_IMAGES = YES;
				FRAMEWORK_SEARCH_PATHS = "$(inherited)";
				INFOPLIST_FILE = SourceryTests/Info.plist;
				LD_RUNPATH_SEARCH_PATHS = "$(inherited) @executable_path/../Frameworks @loader_path/../Frameworks";
				MACOSX_DEPLOYMENT_TARGET = 10.11;
				PRODUCT_BUNDLE_IDENTIFIER = Pixle.SourceryTests;
				PRODUCT_NAME = "$(TARGET_NAME)";
				SWIFT_VERSION = 3.0;
				TEST_HOST = "$(BUILT_PRODUCTS_DIR)/Sourcery.app/Contents/MacOS/Sourcery";
			};
			name = Release;
		};
/* End XCBuildConfiguration section */

/* Begin XCConfigurationList section */
		CD754C861D853F000082B512 /* Build configuration list for PBXProject "Sourcery" */ = {
			isa = XCConfigurationList;
			buildConfigurations = (
				CD754CA11D853F000082B512 /* Debug */,
				CD754CA21D853F000082B512 /* Release */,
			);
			defaultConfigurationIsVisible = 0;
			defaultConfigurationName = Release;
		};
		CD754CA31D853F000082B512 /* Build configuration list for PBXNativeTarget "Sourcery" */ = {
			isa = XCConfigurationList;
			buildConfigurations = (
				CD754CA41D853F000082B512 /* Debug */,
				CD754CA51D853F000082B512 /* Release */,
			);
			defaultConfigurationIsVisible = 0;
			defaultConfigurationName = Release;
		};
		CD754CA61D853F000082B512 /* Build configuration list for PBXNativeTarget "SourceryTests" */ = {
			isa = XCConfigurationList;
			buildConfigurations = (
				CD754CA71D853F000082B512 /* Debug */,
				CD754CA81D853F000082B512 /* Release */,
			);
			defaultConfigurationIsVisible = 0;
			defaultConfigurationName = Release;
		};
/* End XCConfigurationList section */
	};
	rootObject = CD754C831D853F000082B512 /* Project object */;
}
