PODS:
  - AEXML (4.4.0)
  - Commander (0.7.0)
  - Nimble (8.0.1)
  - PathKit (1.0.0)
  - Quick (2.1.0)
  - Shell (2.0.3):
    - PathKit (= 1.0.0)
  - SourceKittenFramework (0.23.1):
    - SWXMLHash (~> 4.7)
    - Yams (~> 2.0)
  - Stencil (0.14.0):
    - PathKit (~> 1.0.0)
  - StencilSwiftKit (2.7.2):
    - Stencil (~> 0.14.0)
  - SwiftLint (0.27.0)
  - SWXMLHash (4.9.0)
  - xcodeproj (7.0.0):
    - AEXML (~> 4.4.0)
    - PathKit (~> 1.0.0)
    - Shell (~> 2.0.0)
  - Yams (2.0.0)

DEPENDENCIES:
  - Commander (= 0.7.0)
  - Nimble
  - PathKit (= 1.0.0)
  - Quick
  - SourceKittenFramework (= 0.23.1)
  - Stencil (= 0.14.0)
  - "StencilSwiftKit (from `git@github.com:SwiftGen/StencilSwiftKit.git`, branch `stable`)"
  - SwiftLint
  - "xcodeproj (from `git@github.com:tuist/XcodeProj.git`, tag `7.0.0`)"
  - Yams (= 2.0.0)

SPEC REPOS:
  https://github.com/CocoaPods/Specs.git:
    - Commander
    - Nimble
    - Quick
    - SourceKittenFramework
    - SwiftLint
    - SWXMLHash
    - Yams
  trunk:
    - AEXML
    - PathKit
    - Shell
    - Stencil

EXTERNAL SOURCES:
  StencilSwiftKit:
    :branch: stable
    :git: "git@github.com:SwiftGen/StencilSwiftKit.git"
  xcodeproj:
    :git: "git@github.com:tuist/XcodeProj.git"
    :tag: 7.0.0

CHECKOUT OPTIONS:
  StencilSwiftKit:
    :commit: fad4415a4c904a9845134b02fd66bd8464741427
    :git: "git@github.com:SwiftGen/StencilSwiftKit.git"
  xcodeproj:
    :git: "git@github.com:tuist/XcodeProj.git"
    :tag: 7.0.0

SPEC CHECKSUMS:
  AEXML: 16fb739dfb3809e91ebf9e9dc391482c3a6aaebf
  Commander: a12712a84e9641e712aa5b6c196fddb8d6556189
  Nimble: 45f786ae66faa9a709624227fae502db55a8bdd0
  PathKit: 364e0de7fb5adb142aecab4e112187e5548fc4b6
  Quick: 4be43f6634acfa727dd106bdf3929ce125ffa79d
  Shell: 4b0198a9ecf3cc0d8d39d4c2ee2cc8a5f0aae818
  SourceKittenFramework: de6f994601a66e57306e89c3f5f0272112b46d81
  Stencil: 19487b54873a6ed8d8e4cccc4b45c1a601941f06
  StencilSwiftKit: b842e315554e4f365a8ae22bfcba20c4709ca7ef
  SwiftLint: 3207c1faa2240bf8973b191820a116113cd11073
  SWXMLHash: 87b0006848a548b7f9485b40bc71721b3ae39add
  xcodeproj: 7e38a84f92ec93234690fbaeb7bfdee4ba8c1403
  Yams: cb96472112d99e4b368f8dae9ab62e8a3eb8a3f9

PODFILE CHECKSUM: ff1400fd1276d370b66f3027f6bb7eae4b4c0720

COCOAPODS: 1.10.0
