// !$*UTF8*$!
{
	archiveVersion = 1;
	classes = {
	};
	objectVersion = 46;
	objects = {

/* Begin PBXBuildFile section */
		58A8D89B0B5015671E6B526C /* Pods_InsanityTests.framework in Frameworks */ = {isa = PBXBuildFile; fileRef = 6F74DA40979C0911C0573C7A /* Pods_InsanityTests.framework */; };
		985E4D303A731C40BE326E5C /* Pods_Insanity.framework in Frameworks */ = {isa = PBXBuildFile; fileRef = D7C9B21117B6C7EB409B9D49 /* Pods_Insanity.framework */; };
		CD0020EA1D8844AE001CB583 /* ParserSpec.swift in Sources */ = {isa = PBXBuildFile; fileRef = E291D78F72297EDB30B2A757 /* ParserSpec.swift */; };
		CD0020EB1D8844B1001CB583 /* GeneratorSpec.swift in Sources */ = {isa = PBXBuildFile; fileRef = E291DF28602426F7A4C8D737 /* GeneratorSpec.swift */; };
		CD2C1F701DFAAD76001E0B06 /* Protocol.swift in Sources */ = {isa = PBXBuildFile; fileRef = CD2C1F6F1DFAAD76001E0B06 /* Protocol.swift */; };
		CD450A751D883AA1003A7564 /* Struct.swift in Sources */ = {isa = PBXBuildFile; fileRef = CD450A741D883AA1003A7564 /* Struct.swift */; };
		CD475D6F1DE9B98B009AD8B0 /* Result in Resources */ = {isa = PBXBuildFile; fileRef = CD475D6E1DE9B98B009AD8B0 /* Result */; };
		CD53EE661D897C1F00F5886C /* Source in Resources */ = {isa = PBXBuildFile; fileRef = CD53EE651D897C1F00F5886C /* Source */; };
		CD53EE681D897D2900F5886C /* Templates in Resources */ = {isa = PBXBuildFile; fileRef = CD53EE671D897D2900F5886C /* Templates */; };
		CD9C459D1DFAF76D00161C2C /* main.swift in Sources */ = {isa = PBXBuildFile; fileRef = CD9C459C1DFAF76D00161C2C /* main.swift */; };
		E291D13413D92A8C36A07A86 /* VariableSpec.swift in Sources */ = {isa = PBXBuildFile; fileRef = E291D8D53A557DA9E6D27C3C /* VariableSpec.swift */; };
		E291D269373D5711B9BFDA48 /* Variable.swift in Sources */ = {isa = PBXBuildFile; fileRef = E291DD618D3BF252F04C7AFA /* Variable.swift */; };
		E291D3071BF14959D942592A /* Type.swift in Sources */ = {isa = PBXBuildFile; fileRef = E291D6F0A5AC1BEC36E65A3E /* Type.swift */; };
		E291D48FD07450FD0A09D92E /* EnumSpec.swift in Sources */ = {isa = PBXBuildFile; fileRef = E291D3D222F05C42C246CB73 /* EnumSpec.swift */; };
		E291D4E250805568DBC33F7E /* TypeSpec.swift in Sources */ = {isa = PBXBuildFile; fileRef = E291DF48D4FBBB43C1F7EF8A /* TypeSpec.swift */; };
		E291D5ABECEE3435131D8D05 /* Parser.swift in Sources */ = {isa = PBXBuildFile; fileRef = E291DBBBE7AF85DF7D7AF97D /* Parser.swift */; };
		E291D856AC0299BB8D4D90E4 /* Enum.swift in Sources */ = {isa = PBXBuildFile; fileRef = E291DAF835B621BDF28BC2EE /* Enum.swift */; };
		E291D8BB621560C275813B1F /* InsanitySpec.swift in Sources */ = {isa = PBXBuildFile; fileRef = E291DB1241856B9CFAAA25E7 /* InsanitySpec.swift */; };
		E291D8C0F0FE5B3DF91025CC /* Generator.swift in Sources */ = {isa = PBXBuildFile; fileRef = E291DA16190CED2907BDEA06 /* Generator.swift */; };
		E291D98BD8789D522781D463 /* AccessLevel.swift in Sources */ = {isa = PBXBuildFile; fileRef = E291D06A94FACD4EEA5ACADA /* AccessLevel.swift */; };
		E291DCA363FD8EBF0455C712 /* Insanity.swift in Sources */ = {isa = PBXBuildFile; fileRef = E291DB6A95BAECDB6E978A76 /* Insanity.swift */; };
/* End PBXBuildFile section */

/* Begin PBXContainerItemProxy section */
		CD754C9B1D853F000082B512 /* PBXContainerItemProxy */ = {
			isa = PBXContainerItemProxy;
			containerPortal = CD754C831D853F000082B512 /* Project object */;
			proxyType = 1;
			remoteGlobalIDString = CD754C8A1D853F000082B512;
			remoteInfo = Insanity;
		};
/* End PBXContainerItemProxy section */

/* Begin PBXCopyFilesBuildPhase section */
		CD754CB41D85431F0082B512 /* Embed Frameworks */ = {
			isa = PBXCopyFilesBuildPhase;
			buildActionMask = 2147483647;
			dstPath = "";
			dstSubfolderSpec = 10;
			files = (
			);
			name = "Embed Frameworks";
			runOnlyForDeploymentPostprocessing = 0;
		};
/* End PBXCopyFilesBuildPhase section */

/* Begin PBXFileReference section */
		3825CA349BD2B2AAB9605E7F /* Pods-Insanity.debug.xcconfig */ = {isa = PBXFileReference; includeInIndex = 1; lastKnownFileType = text.xcconfig; name = "Pods-Insanity.debug.xcconfig"; path = "Pods/Target Support Files/Pods-Insanity/Pods-Insanity.debug.xcconfig"; sourceTree = "<group>"; };
		47FBEB8D5AB4DA51522B302B /* Pods-Insanity.release.xcconfig */ = {isa = PBXFileReference; includeInIndex = 1; lastKnownFileType = text.xcconfig; name = "Pods-Insanity.release.xcconfig"; path = "Pods/Target Support Files/Pods-Insanity/Pods-Insanity.release.xcconfig"; sourceTree = "<group>"; };
		4E26A60E38FEA181642B97B4 /* Pods-InsanityTests.release.xcconfig */ = {isa = PBXFileReference; includeInIndex = 1; lastKnownFileType = text.xcconfig; name = "Pods-InsanityTests.release.xcconfig"; path = "Pods/Target Support Files/Pods-InsanityTests/Pods-InsanityTests.release.xcconfig"; sourceTree = "<group>"; };
		67BC066E18D9BE38229EEFA2 /* Pods-InsanityTests.debug.xcconfig */ = {isa = PBXFileReference; includeInIndex = 1; lastKnownFileType = text.xcconfig; name = "Pods-InsanityTests.debug.xcconfig"; path = "Pods/Target Support Files/Pods-InsanityTests/Pods-InsanityTests.debug.xcconfig"; sourceTree = "<group>"; };
		6F74DA40979C0911C0573C7A /* Pods_InsanityTests.framework */ = {isa = PBXFileReference; explicitFileType = wrapper.framework; includeInIndex = 0; path = Pods_InsanityTests.framework; sourceTree = BUILT_PRODUCTS_DIR; };
		CD2C1F6F1DFAAD76001E0B06 /* Protocol.swift */ = {isa = PBXFileReference; fileEncoding = 4; lastKnownFileType = sourcecode.swift; path = Protocol.swift; sourceTree = "<group>"; };
		CD450A741D883AA1003A7564 /* Struct.swift */ = {isa = PBXFileReference; fileEncoding = 4; lastKnownFileType = sourcecode.swift; path = Struct.swift; sourceTree = "<group>"; };
		CD475D6E1DE9B98B009AD8B0 /* Result */ = {isa = PBXFileReference; lastKnownFileType = folder; path = Result; sourceTree = "<group>"; };
		CD53EE651D897C1F00F5886C /* Source */ = {isa = PBXFileReference; lastKnownFileType = folder; path = Source; sourceTree = "<group>"; };
		CD53EE671D897D2900F5886C /* Templates */ = {isa = PBXFileReference; lastKnownFileType = folder; path = Templates; sourceTree = "<group>"; };
		CD754C8B1D853F000082B512 /* Insanity.app */ = {isa = PBXFileReference; explicitFileType = wrapper.application; includeInIndex = 0; path = Insanity.app; sourceTree = BUILT_PRODUCTS_DIR; };
		CD754C951D853F000082B512 /* Info.plist */ = {isa = PBXFileReference; lastKnownFileType = text.plist.xml; path = Info.plist; sourceTree = "<group>"; };
		CD754C9A1D853F000082B512 /* InsanityTests.xctest */ = {isa = PBXFileReference; explicitFileType = wrapper.cfbundle; includeInIndex = 0; path = InsanityTests.xctest; sourceTree = BUILT_PRODUCTS_DIR; };
		CD754CA01D853F000082B512 /* Info.plist */ = {isa = PBXFileReference; lastKnownFileType = text.plist.xml; path = Info.plist; sourceTree = "<group>"; };
		CD9C459C1DFAF76D00161C2C /* main.swift */ = {isa = PBXFileReference; fileEncoding = 4; lastKnownFileType = sourcecode.swift; path = main.swift; sourceTree = "<group>"; };
		D7C9B21117B6C7EB409B9D49 /* Pods_Insanity.framework */ = {isa = PBXFileReference; explicitFileType = wrapper.framework; includeInIndex = 0; path = Pods_Insanity.framework; sourceTree = BUILT_PRODUCTS_DIR; };
		E291D06A94FACD4EEA5ACADA /* AccessLevel.swift */ = {isa = PBXFileReference; fileEncoding = 4; lastKnownFileType = sourcecode.swift; path = AccessLevel.swift; sourceTree = "<group>"; };
		E291D3D222F05C42C246CB73 /* EnumSpec.swift */ = {isa = PBXFileReference; fileEncoding = 4; lastKnownFileType = sourcecode.swift; path = EnumSpec.swift; sourceTree = "<group>"; };
		E291D6F0A5AC1BEC36E65A3E /* Type.swift */ = {isa = PBXFileReference; fileEncoding = 4; lastKnownFileType = sourcecode.swift; path = Type.swift; sourceTree = "<group>"; };
		E291D78F72297EDB30B2A757 /* ParserSpec.swift */ = {isa = PBXFileReference; fileEncoding = 4; lastKnownFileType = sourcecode.swift; path = ParserSpec.swift; sourceTree = "<group>"; };
		E291D8D53A557DA9E6D27C3C /* VariableSpec.swift */ = {isa = PBXFileReference; fileEncoding = 4; lastKnownFileType = sourcecode.swift; path = VariableSpec.swift; sourceTree = "<group>"; };
		E291DA16190CED2907BDEA06 /* Generator.swift */ = {isa = PBXFileReference; fileEncoding = 4; lastKnownFileType = sourcecode.swift; path = Generator.swift; sourceTree = "<group>"; };
		E291DAF835B621BDF28BC2EE /* Enum.swift */ = {isa = PBXFileReference; fileEncoding = 4; lastKnownFileType = sourcecode.swift; path = Enum.swift; sourceTree = "<group>"; };
		E291DB1241856B9CFAAA25E7 /* InsanitySpec.swift */ = {isa = PBXFileReference; fileEncoding = 4; lastKnownFileType = sourcecode.swift; path = InsanitySpec.swift; sourceTree = "<group>"; };
		E291DB6A95BAECDB6E978A76 /* Insanity.swift */ = {isa = PBXFileReference; fileEncoding = 4; lastKnownFileType = sourcecode.swift; path = Insanity.swift; sourceTree = "<group>"; };
		E291DBBBE7AF85DF7D7AF97D /* Parser.swift */ = {isa = PBXFileReference; fileEncoding = 4; lastKnownFileType = sourcecode.swift; path = Parser.swift; sourceTree = "<group>"; };
		E291DD618D3BF252F04C7AFA /* Variable.swift */ = {isa = PBXFileReference; fileEncoding = 4; lastKnownFileType = sourcecode.swift; path = Variable.swift; sourceTree = "<group>"; };
		E291DF28602426F7A4C8D737 /* GeneratorSpec.swift */ = {isa = PBXFileReference; fileEncoding = 4; lastKnownFileType = sourcecode.swift; path = GeneratorSpec.swift; sourceTree = "<group>"; };
		E291DF48D4FBBB43C1F7EF8A /* TypeSpec.swift */ = {isa = PBXFileReference; fileEncoding = 4; lastKnownFileType = sourcecode.swift; path = TypeSpec.swift; sourceTree = "<group>"; };
/* End PBXFileReference section */

/* Begin PBXFrameworksBuildPhase section */
		CD754C881D853F000082B512 /* Frameworks */ = {
			isa = PBXFrameworksBuildPhase;
			buildActionMask = 2147483647;
			files = (
				985E4D303A731C40BE326E5C /* Pods_Insanity.framework in Frameworks */,
			);
			runOnlyForDeploymentPostprocessing = 0;
		};
		CD754C971D853F000082B512 /* Frameworks */ = {
			isa = PBXFrameworksBuildPhase;
			buildActionMask = 2147483647;
			files = (
				58A8D89B0B5015671E6B526C /* Pods_InsanityTests.framework in Frameworks */,
			);
			runOnlyForDeploymentPostprocessing = 0;
		};
/* End PBXFrameworksBuildPhase section */

/* Begin PBXGroup section */
		003958827841F12BBF99EB67 /* Frameworks */ = {
			isa = PBXGroup;
			children = (
				D7C9B21117B6C7EB409B9D49 /* Pods_Insanity.framework */,
				6F74DA40979C0911C0573C7A /* Pods_InsanityTests.framework */,
			);
			name = Frameworks;
			sourceTree = "<group>";
		};
		8E9D92C3AA77031D4D09801C /* Pods */ = {
			isa = PBXGroup;
			children = (
				3825CA349BD2B2AAB9605E7F /* Pods-Insanity.debug.xcconfig */,
				47FBEB8D5AB4DA51522B302B /* Pods-Insanity.release.xcconfig */,
				67BC066E18D9BE38229EEFA2 /* Pods-InsanityTests.debug.xcconfig */,
				4E26A60E38FEA181642B97B4 /* Pods-InsanityTests.release.xcconfig */,
			);
			name = Pods;
			sourceTree = "<group>";
		};
		CD754C821D853F000082B512 = {
			isa = PBXGroup;
			children = (
				CD754C8D1D853F000082B512 /* Insanity */,
				CD754C9D1D853F000082B512 /* InsanityTests */,
				CD754C8C1D853F000082B512 /* Products */,
				8E9D92C3AA77031D4D09801C /* Pods */,
				003958827841F12BBF99EB67 /* Frameworks */,
			);
			sourceTree = "<group>";
		};
		CD754C8C1D853F000082B512 /* Products */ = {
			isa = PBXGroup;
			children = (
				CD754C8B1D853F000082B512 /* Insanity.app */,
				CD754C9A1D853F000082B512 /* InsanityTests.xctest */,
			);
			name = Products;
			sourceTree = "<group>";
		};
		CD754C8D1D853F000082B512 /* Insanity */ = {
			isa = PBXGroup;
			children = (
				E291D264015AF5EFA6B1D6BD /* Models */,
				E291DB249799066B169A0F41 /* Parsing */,
				E291DB64F90A7CCCD66B3801 /* Generating */,
				E291DB6A95BAECDB6E978A76 /* Insanity.swift */,
				CD754C951D853F000082B512 /* Info.plist */,
				CD9C459C1DFAF76D00161C2C /* main.swift */,
			);
			path = Insanity;
			sourceTree = "<group>";
		};
		CD754C9D1D853F000082B512 /* InsanityTests */ = {
			isa = PBXGroup;
			children = (
				E291D8DDDA3F3377871F27A4 /* Models */,
				E291D36844A70DF851656DE8 /* Stub */,
				CD754CA01D853F000082B512 /* Info.plist */,
				E291D78F72297EDB30B2A757 /* ParserSpec.swift */,
				E291DF28602426F7A4C8D737 /* GeneratorSpec.swift */,
				E291DB1241856B9CFAAA25E7 /* InsanitySpec.swift */,
			);
			path = InsanityTests;
			sourceTree = SOURCE_ROOT;
		};
		E291D264015AF5EFA6B1D6BD /* Models */ = {
			isa = PBXGroup;
			children = (
				E291D06A94FACD4EEA5ACADA /* AccessLevel.swift */,
				E291DD618D3BF252F04C7AFA /* Variable.swift */,
				E291D6F0A5AC1BEC36E65A3E /* Type.swift */,
				E291DAF835B621BDF28BC2EE /* Enum.swift */,
				CD450A741D883AA1003A7564 /* Struct.swift */,
				CD2C1F6F1DFAAD76001E0B06 /* Protocol.swift */,
			);
			name = Models;
			path = Parsing/Models;
			sourceTree = "<group>";
		};
		E291D36844A70DF851656DE8 /* Stub */ = {
			isa = PBXGroup;
			children = (
				CD475D6E1DE9B98B009AD8B0 /* Result */,
				CD53EE671D897D2900F5886C /* Templates */,
				CD53EE651D897C1F00F5886C /* Source */,
			);
			path = Stub;
			sourceTree = "<group>";
		};
		E291D8DDDA3F3377871F27A4 /* Models */ = {
			isa = PBXGroup;
			children = (
				E291D8D53A557DA9E6D27C3C /* VariableSpec.swift */,
				E291DF48D4FBBB43C1F7EF8A /* TypeSpec.swift */,
				E291D3D222F05C42C246CB73 /* EnumSpec.swift */,
			);
			path = Models;
			sourceTree = "<group>";
		};
		E291DB249799066B169A0F41 /* Parsing */ = {
			isa = PBXGroup;
			children = (
				E291DBBBE7AF85DF7D7AF97D /* Parser.swift */,
			);
			path = Parsing;
			sourceTree = "<group>";
		};
		E291DB64F90A7CCCD66B3801 /* Generating */ = {
			isa = PBXGroup;
			children = (
				E291DA16190CED2907BDEA06 /* Generator.swift */,
			);
			path = Generating;
			sourceTree = "<group>";
		};
/* End PBXGroup section */

/* Begin PBXNativeTarget section */
		CD754C8A1D853F000082B512 /* Insanity */ = {
			isa = PBXNativeTarget;
			buildConfigurationList = CD754CA31D853F000082B512 /* Build configuration list for PBXNativeTarget "Insanity" */;
			buildPhases = (
				8E96ACE81324E260FA5DCECB /* [CP] Check Pods Manifest.lock */,
				CD754C871D853F000082B512 /* Sources */,
				CD754C881D853F000082B512 /* Frameworks */,
				CD754C891D853F000082B512 /* Resources */,
				C7CDE8D445443BF7F4CF3AEB /* [CP] Embed Pods Frameworks */,
				A7A107008E6572DA90B257F6 /* [CP] Copy Pods Resources */,
				CD754CB41D85431F0082B512 /* Embed Frameworks */,
			);
			buildRules = (
			);
			dependencies = (
			);
			name = Insanity;
			productName = Insanity;
			productReference = CD754C8B1D853F000082B512 /* Insanity.app */;
			productType = "com.apple.product-type.application";
		};
		CD754C991D853F000082B512 /* InsanityTests */ = {
			isa = PBXNativeTarget;
			buildConfigurationList = CD754CA61D853F000082B512 /* Build configuration list for PBXNativeTarget "InsanityTests" */;
			buildPhases = (
				D135298010CC2F3340A9BC8A /* [CP] Check Pods Manifest.lock */,
				CDBFAC0F1D85441A006D5982 /* Run SwiftLint */,
				CD754C961D853F000082B512 /* Sources */,
				CD754C971D853F000082B512 /* Frameworks */,
				CD754C981D853F000082B512 /* Resources */,
				5A66FD29246554529ED2EAC1 /* [CP] Embed Pods Frameworks */,
				57D1C15E0000E78CAA9B20FF /* [CP] Copy Pods Resources */,
			);
			buildRules = (
			);
			dependencies = (
				CD754C9C1D853F000082B512 /* PBXTargetDependency */,
			);
			name = InsanityTests;
			productName = InsanityTests;
			productReference = CD754C9A1D853F000082B512 /* InsanityTests.xctest */;
			productType = "com.apple.product-type.bundle.unit-test";
		};
/* End PBXNativeTarget section */

/* Begin PBXProject section */
		CD754C831D853F000082B512 /* Project object */ = {
			isa = PBXProject;
			attributes = {
				LastSwiftUpdateCheck = 0730;
				LastUpgradeCheck = 0820;
				ORGANIZATIONNAME = Pixle;
				TargetAttributes = {
					CD754C8A1D853F000082B512 = {
						CreatedOnToolsVersion = 7.3.1;
						LastSwiftMigration = 0820;
					};
					CD754C991D853F000082B512 = {
						CreatedOnToolsVersion = 7.3.1;
						LastSwiftMigration = 0820;
						TestTargetID = CD754C8A1D853F000082B512;
					};
				};
			};
			buildConfigurationList = CD754C861D853F000082B512 /* Build configuration list for PBXProject "Insanity" */;
			compatibilityVersion = "Xcode 3.2";
			developmentRegion = English;
			hasScannedForEncodings = 0;
			knownRegions = (
				en,
				Base,
			);
			mainGroup = CD754C821D853F000082B512;
			productRefGroup = CD754C8C1D853F000082B512 /* Products */;
			projectDirPath = "";
			projectRoot = "";
			targets = (
				CD754C8A1D853F000082B512 /* Insanity */,
				CD754C991D853F000082B512 /* InsanityTests */,
			);
		};
/* End PBXProject section */

/* Begin PBXResourcesBuildPhase section */
		CD754C891D853F000082B512 /* Resources */ = {
			isa = PBXResourcesBuildPhase;
			buildActionMask = 2147483647;
			files = (
			);
			runOnlyForDeploymentPostprocessing = 0;
		};
		CD754C981D853F000082B512 /* Resources */ = {
			isa = PBXResourcesBuildPhase;
			buildActionMask = 2147483647;
			files = (
				CD53EE681D897D2900F5886C /* Templates in Resources */,
				CD475D6F1DE9B98B009AD8B0 /* Result in Resources */,
				CD53EE661D897C1F00F5886C /* Source in Resources */,
			);
			runOnlyForDeploymentPostprocessing = 0;
		};
/* End PBXResourcesBuildPhase section */

/* Begin PBXShellScriptBuildPhase section */
		57D1C15E0000E78CAA9B20FF /* [CP] Copy Pods Resources */ = {
			isa = PBXShellScriptBuildPhase;
			buildActionMask = 2147483647;
			files = (
			);
			inputPaths = (
			);
			name = "[CP] Copy Pods Resources";
			outputPaths = (
			);
			runOnlyForDeploymentPostprocessing = 0;
			shellPath = /bin/sh;
			shellScript = "\"${SRCROOT}/Pods/Target Support Files/Pods-InsanityTests/Pods-InsanityTests-resources.sh\"\n";
			showEnvVarsInLog = 0;
		};
		5A66FD29246554529ED2EAC1 /* [CP] Embed Pods Frameworks */ = {
			isa = PBXShellScriptBuildPhase;
			buildActionMask = 2147483647;
			files = (
			);
			inputPaths = (
			);
			name = "[CP] Embed Pods Frameworks";
			outputPaths = (
			);
			runOnlyForDeploymentPostprocessing = 0;
			shellPath = /bin/sh;
			shellScript = "\"${SRCROOT}/Pods/Target Support Files/Pods-InsanityTests/Pods-InsanityTests-frameworks.sh\"\n";
			showEnvVarsInLog = 0;
		};
		8E96ACE81324E260FA5DCECB /* [CP] Check Pods Manifest.lock */ = {
			isa = PBXShellScriptBuildPhase;
			buildActionMask = 2147483647;
			files = (
			);
			inputPaths = (
			);
			name = "[CP] Check Pods Manifest.lock";
			outputPaths = (
			);
			runOnlyForDeploymentPostprocessing = 0;
			shellPath = /bin/sh;
			shellScript = "diff \"${PODS_ROOT}/../Podfile.lock\" \"${PODS_ROOT}/Manifest.lock\" > /dev/null\nif [ $? != 0 ] ; then\n    # print error to STDERR\n    echo \"error: The sandbox is not in sync with the Podfile.lock. Run 'pod install' or update your CocoaPods installation.\" >&2\n    exit 1\nfi\n";
			showEnvVarsInLog = 0;
		};
		A7A107008E6572DA90B257F6 /* [CP] Copy Pods Resources */ = {
			isa = PBXShellScriptBuildPhase;
			buildActionMask = 2147483647;
			files = (
			);
			inputPaths = (
			);
			name = "[CP] Copy Pods Resources";
			outputPaths = (
			);
			runOnlyForDeploymentPostprocessing = 0;
			shellPath = /bin/sh;
			shellScript = "\"${SRCROOT}/Pods/Target Support Files/Pods-Insanity/Pods-Insanity-resources.sh\"\n";
			showEnvVarsInLog = 0;
		};
		C7CDE8D445443BF7F4CF3AEB /* [CP] Embed Pods Frameworks */ = {
			isa = PBXShellScriptBuildPhase;
			buildActionMask = 2147483647;
			files = (
			);
			inputPaths = (
			);
			name = "[CP] Embed Pods Frameworks";
			outputPaths = (
			);
			runOnlyForDeploymentPostprocessing = 0;
			shellPath = /bin/sh;
			shellScript = "\"${SRCROOT}/Pods/Target Support Files/Pods-Insanity/Pods-Insanity-frameworks.sh\"\n";
			showEnvVarsInLog = 0;
		};
		CDBFAC0F1D85441A006D5982 /* Run SwiftLint */ = {
			isa = PBXShellScriptBuildPhase;
			buildActionMask = 2147483647;
			files = (
			);
			inputPaths = (
			);
			name = "Run SwiftLint";
			outputPaths = (
			);
			runOnlyForDeploymentPostprocessing = 0;
			shellPath = /bin/sh;
			shellScript = "\"${SRCROOT}/Scripts/SwiftLint.sh\"";
		};
		D135298010CC2F3340A9BC8A /* [CP] Check Pods Manifest.lock */ = {
			isa = PBXShellScriptBuildPhase;
			buildActionMask = 2147483647;
			files = (
			);
			inputPaths = (
			);
			name = "[CP] Check Pods Manifest.lock";
			outputPaths = (
			);
			runOnlyForDeploymentPostprocessing = 0;
			shellPath = /bin/sh;
			shellScript = "diff \"${PODS_ROOT}/../Podfile.lock\" \"${PODS_ROOT}/Manifest.lock\" > /dev/null\nif [ $? != 0 ] ; then\n    # print error to STDERR\n    echo \"error: The sandbox is not in sync with the Podfile.lock. Run 'pod install' or update your CocoaPods installation.\" >&2\n    exit 1\nfi\n";
			showEnvVarsInLog = 0;
		};
/* End PBXShellScriptBuildPhase section */

/* Begin PBXSourcesBuildPhase section */
		CD754C871D853F000082B512 /* Sources */ = {
			isa = PBXSourcesBuildPhase;
			buildActionMask = 2147483647;
			files = (
				E291D5ABECEE3435131D8D05 /* Parser.swift in Sources */,
				E291D3071BF14959D942592A /* Type.swift in Sources */,
				E291D269373D5711B9BFDA48 /* Variable.swift in Sources */,
				E291D98BD8789D522781D463 /* AccessLevel.swift in Sources */,
				CD450A751D883AA1003A7564 /* Struct.swift in Sources */,
				E291D856AC0299BB8D4D90E4 /* Enum.swift in Sources */,
				CD9C459D1DFAF76D00161C2C /* main.swift in Sources */,
				E291D8C0F0FE5B3DF91025CC /* Generator.swift in Sources */,
				E291DCA363FD8EBF0455C712 /* Insanity.swift in Sources */,
				CD2C1F701DFAAD76001E0B06 /* Protocol.swift in Sources */,
			);
			runOnlyForDeploymentPostprocessing = 0;
		};
		CD754C961D853F000082B512 /* Sources */ = {
			isa = PBXSourcesBuildPhase;
			buildActionMask = 2147483647;
			files = (
				CD0020EB1D8844B1001CB583 /* GeneratorSpec.swift in Sources */,
				CD0020EA1D8844AE001CB583 /* ParserSpec.swift in Sources */,
				E291D8BB621560C275813B1F /* InsanitySpec.swift in Sources */,
				E291D13413D92A8C36A07A86 /* VariableSpec.swift in Sources */,
				E291D4E250805568DBC33F7E /* TypeSpec.swift in Sources */,
				E291D48FD07450FD0A09D92E /* EnumSpec.swift in Sources */,
			);
			runOnlyForDeploymentPostprocessing = 0;
		};
/* End PBXSourcesBuildPhase section */

/* Begin PBXTargetDependency section */
		CD754C9C1D853F000082B512 /* PBXTargetDependency */ = {
			isa = PBXTargetDependency;
			target = CD754C8A1D853F000082B512 /* Insanity */;
			targetProxy = CD754C9B1D853F000082B512 /* PBXContainerItemProxy */;
		};
/* End PBXTargetDependency section */

/* Begin XCBuildConfiguration section */
		CD754CA11D853F000082B512 /* Debug */ = {
			isa = XCBuildConfiguration;
			buildSettings = {
				ALWAYS_SEARCH_USER_PATHS = NO;
				CLANG_ANALYZER_NONNULL = YES;
				CLANG_CXX_LANGUAGE_STANDARD = "gnu++0x";
				CLANG_CXX_LIBRARY = "libc++";
				CLANG_ENABLE_MODULES = YES;
				CLANG_ENABLE_OBJC_ARC = YES;
				CLANG_WARN_BOOL_CONVERSION = YES;
				CLANG_WARN_CONSTANT_CONVERSION = YES;
				CLANG_WARN_DIRECT_OBJC_ISA_USAGE = YES_ERROR;
				CLANG_WARN_EMPTY_BODY = YES;
				CLANG_WARN_ENUM_CONVERSION = YES;
				CLANG_WARN_INFINITE_RECURSION = YES;
				CLANG_WARN_INT_CONVERSION = YES;
				CLANG_WARN_OBJC_ROOT_CLASS = YES_ERROR;
				CLANG_WARN_SUSPICIOUS_MOVE = YES;
				CLANG_WARN_UNREACHABLE_CODE = YES;
				CLANG_WARN__DUPLICATE_METHOD_MATCH = YES;
				CODE_SIGN_IDENTITY = "-";
				COPY_PHASE_STRIP = NO;
				DEBUG_INFORMATION_FORMAT = dwarf;
				ENABLE_STRICT_OBJC_MSGSEND = YES;
				ENABLE_TESTABILITY = YES;
				GCC_C_LANGUAGE_STANDARD = gnu99;
				GCC_DYNAMIC_NO_PIC = NO;
				GCC_NO_COMMON_BLOCKS = YES;
				GCC_OPTIMIZATION_LEVEL = 0;
				GCC_PREPROCESSOR_DEFINITIONS = (
					"DEBUG=1",
					"$(inherited)",
				);
				GCC_WARN_64_TO_32_BIT_CONVERSION = YES;
				GCC_WARN_ABOUT_RETURN_TYPE = YES_ERROR;
				GCC_WARN_UNDECLARED_SELECTOR = YES;
				GCC_WARN_UNINITIALIZED_AUTOS = YES_AGGRESSIVE;
				GCC_WARN_UNUSED_FUNCTION = YES;
				GCC_WARN_UNUSED_VARIABLE = YES;
				MACOSX_DEPLOYMENT_TARGET = 10.12;
				MTL_ENABLE_DEBUG_INFO = YES;
				ONLY_ACTIVE_ARCH = YES;
				SDKROOT = macosx;
				SWIFT_OPTIMIZATION_LEVEL = "-Onone";
			};
			name = Debug;
		};
		CD754CA21D853F000082B512 /* Release */ = {
			isa = XCBuildConfiguration;
			buildSettings = {
				ALWAYS_SEARCH_USER_PATHS = NO;
				CLANG_ANALYZER_NONNULL = YES;
				CLANG_CXX_LANGUAGE_STANDARD = "gnu++0x";
				CLANG_CXX_LIBRARY = "libc++";
				CLANG_ENABLE_MODULES = YES;
				CLANG_ENABLE_OBJC_ARC = YES;
				CLANG_WARN_BOOL_CONVERSION = YES;
				CLANG_WARN_CONSTANT_CONVERSION = YES;
				CLANG_WARN_DIRECT_OBJC_ISA_USAGE = YES_ERROR;
				CLANG_WARN_EMPTY_BODY = YES;
				CLANG_WARN_ENUM_CONVERSION = YES;
				CLANG_WARN_INFINITE_RECURSION = YES;
				CLANG_WARN_INT_CONVERSION = YES;
				CLANG_WARN_OBJC_ROOT_CLASS = YES_ERROR;
				CLANG_WARN_SUSPICIOUS_MOVE = YES;
				CLANG_WARN_UNREACHABLE_CODE = YES;
				CLANG_WARN__DUPLICATE_METHOD_MATCH = YES;
				CODE_SIGN_IDENTITY = "-";
				COPY_PHASE_STRIP = NO;
				DEBUG_INFORMATION_FORMAT = "dwarf-with-dsym";
				ENABLE_NS_ASSERTIONS = NO;
				ENABLE_STRICT_OBJC_MSGSEND = YES;
				GCC_C_LANGUAGE_STANDARD = gnu99;
				GCC_NO_COMMON_BLOCKS = YES;
				GCC_WARN_64_TO_32_BIT_CONVERSION = YES;
				GCC_WARN_ABOUT_RETURN_TYPE = YES_ERROR;
				GCC_WARN_UNDECLARED_SELECTOR = YES;
				GCC_WARN_UNINITIALIZED_AUTOS = YES_AGGRESSIVE;
				GCC_WARN_UNUSED_FUNCTION = YES;
				GCC_WARN_UNUSED_VARIABLE = YES;
				MACOSX_DEPLOYMENT_TARGET = 10.12;
				MTL_ENABLE_DEBUG_INFO = NO;
				SDKROOT = macosx;
				SWIFT_OPTIMIZATION_LEVEL = "-Owholemodule";
			};
			name = Release;
		};
		CD754CA41D853F000082B512 /* Debug */ = {
			isa = XCBuildConfiguration;
			baseConfigurationReference = 3825CA349BD2B2AAB9605E7F /* Pods-Insanity.debug.xcconfig */;
			buildSettings = {
				ALWAYS_EMBED_SWIFT_STANDARD_LIBRARIES = YES;
				ASSETCATALOG_COMPILER_APPICON_NAME = AppIcon;
				COMBINE_HIDPI_IMAGES = YES;
				FRAMEWORK_SEARCH_PATHS = (
					"$(inherited)",
					"$(PROJECT_DIR)",
				);
				INFOPLIST_FILE = Insanity/Info.plist;
				LD_RUNPATH_SEARCH_PATHS = "$(inherited) @executable_path/../Frameworks";
				MACOSX_DEPLOYMENT_TARGET = 10.11;
				PRODUCT_BUNDLE_IDENTIFIER = Pixle.Insanity;
				PRODUCT_NAME = "$(TARGET_NAME)";
				SWIFT_VERSION = 3.0;
			};
			name = Debug;
		};
		CD754CA51D853F000082B512 /* Release */ = {
			isa = XCBuildConfiguration;
			baseConfigurationReference = 47FBEB8D5AB4DA51522B302B /* Pods-Insanity.release.xcconfig */;
			buildSettings = {
				ALWAYS_EMBED_SWIFT_STANDARD_LIBRARIES = YES;
				ASSETCATALOG_COMPILER_APPICON_NAME = AppIcon;
				COMBINE_HIDPI_IMAGES = YES;
				FRAMEWORK_SEARCH_PATHS = (
					"$(inherited)",
					"$(PROJECT_DIR)",
				);
				INFOPLIST_FILE = Insanity/Info.plist;
				LD_RUNPATH_SEARCH_PATHS = "$(inherited) @executable_path/../Frameworks";
				MACOSX_DEPLOYMENT_TARGET = 10.11;
				PRODUCT_BUNDLE_IDENTIFIER = Pixle.Insanity;
				PRODUCT_NAME = "$(TARGET_NAME)";
				SWIFT_VERSION = 3.0;
			};
			name = Release;
		};
		CD754CA71D853F000082B512 /* Debug */ = {
			isa = XCBuildConfiguration;
			baseConfigurationReference = 67BC066E18D9BE38229EEFA2 /* Pods-InsanityTests.debug.xcconfig */;
			buildSettings = {
				ALWAYS_EMBED_SWIFT_STANDARD_LIBRARIES = YES;
				BUNDLE_LOADER = "$(TEST_HOST)";
				COMBINE_HIDPI_IMAGES = YES;
				FRAMEWORK_SEARCH_PATHS = "$(inherited)";
				INFOPLIST_FILE = InsanityTests/Info.plist;
				LD_RUNPATH_SEARCH_PATHS = "$(inherited) @executable_path/../Frameworks @loader_path/../Frameworks";
				MACOSX_DEPLOYMENT_TARGET = 10.11;
				PRODUCT_BUNDLE_IDENTIFIER = Pixle.InsanityTests;
				PRODUCT_NAME = "$(TARGET_NAME)";
				SWIFT_VERSION = 3.0;
				TEST_HOST = "$(BUILT_PRODUCTS_DIR)/Insanity.app/Contents/MacOS/Insanity";
			};
			name = Debug;
		};
		CD754CA81D853F000082B512 /* Release */ = {
			isa = XCBuildConfiguration;
			baseConfigurationReference = 4E26A60E38FEA181642B97B4 /* Pods-InsanityTests.release.xcconfig */;
			buildSettings = {
				ALWAYS_EMBED_SWIFT_STANDARD_LIBRARIES = YES;
				BUNDLE_LOADER = "$(TEST_HOST)";
				COMBINE_HIDPI_IMAGES = YES;
				FRAMEWORK_SEARCH_PATHS = "$(inherited)";
				INFOPLIST_FILE = InsanityTests/Info.plist;
				LD_RUNPATH_SEARCH_PATHS = "$(inherited) @executable_path/../Frameworks @loader_path/../Frameworks";
				MACOSX_DEPLOYMENT_TARGET = 10.11;
				PRODUCT_BUNDLE_IDENTIFIER = Pixle.InsanityTests;
				PRODUCT_NAME = "$(TARGET_NAME)";
				SWIFT_VERSION = 3.0;
				TEST_HOST = "$(BUILT_PRODUCTS_DIR)/Insanity.app/Contents/MacOS/Insanity";
			};
			name = Release;
		};
/* End XCBuildConfiguration section */

/* Begin XCConfigurationList section */
		CD754C861D853F000082B512 /* Build configuration list for PBXProject "Insanity" */ = {
			isa = XCConfigurationList;
			buildConfigurations = (
				CD754CA11D853F000082B512 /* Debug */,
				CD754CA21D853F000082B512 /* Release */,
			);
			defaultConfigurationIsVisible = 0;
			defaultConfigurationName = Release;
		};
		CD754CA31D853F000082B512 /* Build configuration list for PBXNativeTarget "Insanity" */ = {
			isa = XCConfigurationList;
			buildConfigurations = (
				CD754CA41D853F000082B512 /* Debug */,
				CD754CA51D853F000082B512 /* Release */,
			);
			defaultConfigurationIsVisible = 0;
			defaultConfigurationName = Release;
		};
		CD754CA61D853F000082B512 /* Build configuration list for PBXNativeTarget "InsanityTests" */ = {
			isa = XCConfigurationList;
			buildConfigurations = (
				CD754CA71D853F000082B512 /* Debug */,
				CD754CA81D853F000082B512 /* Release */,
			);
			defaultConfigurationIsVisible = 0;
			defaultConfigurationName = Release;
		};
/* End XCConfigurationList section */
	};
	rootObject = CD754C831D853F000082B512 /* Project object */;
}
