{
  "object": {
    "pins": [
      {
        "package": "SwiftSyntax",
        "repositoryURL": "https://github.com/apple/swift-syntax",
        "state": {
          "branch": null,
          "revision": "2fff9fc25cdc059379b6bd309377cfab45d8520c",
          "version": "0.50400.0"
        }
      }
    ]
  },
  "version": 1
}
